// !$*UTF8*$!
{
	archiveVersion = 1;
	classes = {
	};
	objectVersion = 46;
	objects = {

/* Begin PBXBuildFile section */
		1229AAC51A0EDD5A002887E6 /* UserTests.swift in Sources */ = {isa = PBXBuildFile; fileRef = 1229AAC41A0EDD5A002887E6 /* UserTests.swift */; };
		124B0CD01A0E7F3F005EA92E /* Locksmith.swift in Sources */ = {isa = PBXBuildFile; fileRef = 124B0CCE1A0E7F3F005EA92E /* Locksmith.swift */; };
		124B0CD11A0E7F3F005EA92E /* LocksmithRequest.swift in Sources */ = {isa = PBXBuildFile; fileRef = 124B0CCF1A0E7F3F005EA92E /* LocksmithRequest.swift */; };
		124F8C1E1A1A8F2B000A5812 /* SettingsViewController.swift in Sources */ = {isa = PBXBuildFile; fileRef = 124F8C1D1A1A8F2B000A5812 /* SettingsViewController.swift */; };
		124F8C221A1A94E7000A5812 /* ActivityViewController.swift in Sources */ = {isa = PBXBuildFile; fileRef = 124F8C211A1A94E7000A5812 /* ActivityViewController.swift */; };
		125E39DC1A1146EB00DD5542 /* AppDelegate.swift in Sources */ = {isa = PBXBuildFile; fileRef = D5812287197C08B600E3573C /* AppDelegate.swift */; };
		126CBE231A115A9200E22070 /* BookmarksViewController.swift in Sources */ = {isa = PBXBuildFile; fileRef = 126CBE221A115A9200E22070 /* BookmarksViewController.swift */; };
		126CBE271A1160E500E22070 /* UABookmarkCell.swift in Sources */ = {isa = PBXBuildFile; fileRef = 126CBE261A1160E500E22070 /* UABookmarkCell.swift */; };
		126CBE291A1160FF00E22070 /* UABookmarkCell.xib in Resources */ = {isa = PBXBuildFile; fileRef = 126CBE281A1160FF00E22070 /* UABookmarkCell.xib */; };
		126CBE2B1A116D2700E22070 /* CreditsViewController.swift in Sources */ = {isa = PBXBuildFile; fileRef = 126CBE2A1A116D2700E22070 /* CreditsViewController.swift */; };
		126CBE2D1A11732300E22070 /* UACredit.swift in Sources */ = {isa = PBXBuildFile; fileRef = 126CBE2C1A11732300E22070 /* UACredit.swift */; };
		1294A16F1A0FBB9B00E45596 /* ProjectsViewController.swift in Sources */ = {isa = PBXBuildFile; fileRef = 1294A16E1A0FBB9B00E45596 /* ProjectsViewController.swift */; };
		129E9A8B1A19518F00EBF8BF /* UACreditCell.swift in Sources */ = {isa = PBXBuildFile; fileRef = 129E9A8A1A19518F00EBF8BF /* UACreditCell.swift */; };
		129E9A8F1A19519D00EBF8BF /* UACreditCell.xib in Resources */ = {isa = PBXBuildFile; fileRef = 129E9A8E1A19519D00EBF8BF /* UACreditCell.xib */; };
		12A172851A1944DA000FAA54 /* UAProject.swift in Sources */ = {isa = PBXBuildFile; fileRef = 12C528A31A0FD9A100B8A50C /* UAProject.swift */; };
		12A172891A19470F000FAA54 /* UACompany.swift in Sources */ = {isa = PBXBuildFile; fileRef = 12A172881A19470F000FAA54 /* UACompany.swift */; };
		12A1728A1A194739000FAA54 /* UACompany.swift in Sources */ = {isa = PBXBuildFile; fileRef = 12A172881A19470F000FAA54 /* UACompany.swift */; };
		12A172A01A19491A000FAA54 /* UACreditViewModel.swift in Sources */ = {isa = PBXBuildFile; fileRef = 12A1729F1A19491A000FAA54 /* UACreditViewModel.swift */; };
		12C528A21A0FD74000B8A50C /* UAProjectViewModel.swift in Sources */ = {isa = PBXBuildFile; fileRef = 12C528A11A0FD74000B8A50C /* UAProjectViewModel.swift */; };
		12C528A41A0FD9A100B8A50C /* UAProject.swift in Sources */ = {isa = PBXBuildFile; fileRef = 12C528A31A0FD9A100B8A50C /* UAProject.swift */; };
		12EA195D1A1939C000259B68 /* UACreditTests.swift in Sources */ = {isa = PBXBuildFile; fileRef = 12EA195C1A1939C000259B68 /* UACreditTests.swift */; };
		12EA19601A193A7400259B68 /* UACredit.swift in Sources */ = {isa = PBXBuildFile; fileRef = 126CBE2C1A11732300E22070 /* UACredit.swift */; };
		12FCF47A1A11534C008B74AA /* UAProjectCell.swift in Sources */ = {isa = PBXBuildFile; fileRef = 12FCF4791A11534C008B74AA /* UAProjectCell.swift */; };
		12FCF47E1A11536A008B74AA /* UAProjectCell.xib in Resources */ = {isa = PBXBuildFile; fileRef = 12FCF47D1A11536A008B74AA /* UAProjectCell.xib */; };
		3827BD89EAAE4D26B32301C7 /* libPods-UnserAller.a in Frameworks */ = {isa = PBXBuildFile; fileRef = C35093133BCA4887915E8666 /* libPods-UnserAller.a */; };
		D511715219E030D2007675EE /* ENSideMenu.swift in Sources */ = {isa = PBXBuildFile; fileRef = D511715019E030D2007675EE /* ENSideMenu.swift */; };
		D511715319E030D2007675EE /* ENSideMenuNavigationController.swift in Sources */ = {isa = PBXBuildFile; fileRef = D511715119E030D2007675EE /* ENSideMenuNavigationController.swift */; };
		D511715519E034F8007675EE /* MenuTableViewController.swift in Sources */ = {isa = PBXBuildFile; fileRef = D511715419E034F8007675EE /* MenuTableViewController.swift */; };
		D511715719E0364F007675EE /* InitNavigationViewController.swift in Sources */ = {isa = PBXBuildFile; fileRef = D511715619E0364F007675EE /* InitNavigationViewController.swift */; };
		D5291667197C210C0038A048 /* LoginViewController.swift in Sources */ = {isa = PBXBuildFile; fileRef = D5291666197C210C0038A048 /* LoginViewController.swift */; };
		D529166B197C2B5C0038A048 /* UAUser.swift in Sources */ = {isa = PBXBuildFile; fileRef = D529166A197C2B5C0038A048 /* UAUser.swift */; };
		D52FF94419E321F8006139E2 /* UASuggestionViewModel.swift in Sources */ = {isa = PBXBuildFile; fileRef = D52FF94319E321F8006139E2 /* UASuggestionViewModel.swift */; };
		D52FF94619E3229F006139E2 /* UASuggestion.swift in Sources */ = {isa = PBXBuildFile; fileRef = D52FF94519E3229F006139E2 /* UASuggestion.swift */; };
		D56C462219E04DDE0059735A /* Images.xcassets in Resources */ = {isa = PBXBuildFile; fileRef = D581228E197C08B600E3573C /* Images.xcassets */; };
		D56C462419E04DFC0059735A /* Media.xcassets in Resources */ = {isa = PBXBuildFile; fileRef = D56C462319E04DFC0059735A /* Media.xcassets */; };
		D5812288197C08B600E3573C /* AppDelegate.swift in Sources */ = {isa = PBXBuildFile; fileRef = D5812287197C08B600E3573C /* AppDelegate.swift */; };
		D581228A197C08B600E3573C /* InitViewController.swift in Sources */ = {isa = PBXBuildFile; fileRef = D5812289197C08B600E3573C /* InitViewController.swift */; };
		D581228D197C08B600E3573C /* Main.storyboard in Resources */ = {isa = PBXBuildFile; fileRef = D581228B197C08B600E3573C /* Main.storyboard */; };
		D581229B197C08B600E3573C /* UnserAllerTests.swift in Sources */ = {isa = PBXBuildFile; fileRef = D581229A197C08B600E3573C /* UnserAllerTests.swift */; };
		D584D58D197C451300E1CAB3 /* MEDynamicTransition.m in Sources */ = {isa = PBXBuildFile; fileRef = D584D586197C451300E1CAB3 /* MEDynamicTransition.m */; };
		D584D58E197C451300E1CAB3 /* MEFoldAnimationController.m in Sources */ = {isa = PBXBuildFile; fileRef = D584D588197C451300E1CAB3 /* MEFoldAnimationController.m */; };
		D584D58F197C451300E1CAB3 /* METransitions.m in Sources */ = {isa = PBXBuildFile; fileRef = D584D58A197C451300E1CAB3 /* METransitions.m */; };
		D584D590197C451300E1CAB3 /* MEZoomAnimationController.m in Sources */ = {isa = PBXBuildFile; fileRef = D584D58C197C451300E1CAB3 /* MEZoomAnimationController.m */; };
		D584D596197C47E000E1CAB3 /* HomeViewController.swift in Sources */ = {isa = PBXBuildFile; fileRef = D584D595197C47E000E1CAB3 /* HomeViewController.swift */; };
		D5974E6D1A102A2A00BE93EE /* UAUser.swift in Sources */ = {isa = PBXBuildFile; fileRef = D529166A197C2B5C0038A048 /* UAUser.swift */; };
		D5974E701A102CC200BE93EE /* Locksmith.swift in Sources */ = {isa = PBXBuildFile; fileRef = 124B0CCE1A0E7F3F005EA92E /* Locksmith.swift */; };
		D5974E711A102CC600BE93EE /* LocksmithRequest.swift in Sources */ = {isa = PBXBuildFile; fileRef = 124B0CCF1A0E7F3F005EA92E /* LocksmithRequest.swift */; };
		D5A3ABDC19E5D3D100B71CC7 /* UAMedia.swift in Sources */ = {isa = PBXBuildFile; fileRef = D5A3ABDB19E5D3D100B71CC7 /* UAMedia.swift */; };
		D5BFB9E019E044E6006B03DB /* Alamofire.framework in Frameworks */ = {isa = PBXBuildFile; fileRef = D5BFB9DD19E044DE006B03DB /* Alamofire.framework */; };
		D5BFB9E119E044ED006B03DB /* Alamofire.framework in Copy Frameworks */ = {isa = PBXBuildFile; fileRef = D5BFB9DD19E044DE006B03DB /* Alamofire.framework */; settings = {ATTRIBUTES = (CodeSignOnCopy, RemoveHeadersOnCopy, ); }; };
		D5D9E65C19E15A2500537FBD /* Keychain.swift in Sources */ = {isa = PBXBuildFile; fileRef = D5D9E65B19E15A2500537FBD /* Keychain.swift */; };
		D5FE701E19E6F22F00582B84 /* UACellViewModel.swift in Sources */ = {isa = PBXBuildFile; fileRef = D5FE701D19E6F22F00582B84 /* UACellViewModel.swift */; };
		D5FE702219E6F33600582B84 /* UASuggestCell.xib in Resources */ = {isa = PBXBuildFile; fileRef = D5FE702119E6F33600582B84 /* UASuggestCell.xib */; };
		D5FE702419E6FA6300582B84 /* UASuggestionCell.swift in Sources */ = {isa = PBXBuildFile; fileRef = D5FE702319E6FA6300582B84 /* UASuggestionCell.swift */; };
/* End PBXBuildFile section */

/* Begin PBXContainerItemProxy section */
		D5812295197C08B600E3573C /* PBXContainerItemProxy */ = {
			isa = PBXContainerItemProxy;
			containerPortal = D581227A197C08B600E3573C /* Project object */;
			proxyType = 1;
			remoteGlobalIDString = D5812281197C08B600E3573C;
			remoteInfo = UnserAller;
		};
		D5BFB9DC19E044DE006B03DB /* PBXContainerItemProxy */ = {
			isa = PBXContainerItemProxy;
			containerPortal = D5BFB9D719E044DE006B03DB /* Alamofire.xcodeproj */;
			proxyType = 2;
			remoteGlobalIDString = F8111E3319A95C8B0040E7D1;
			remoteInfo = Alamofire;
		};
		D5BFB9DE19E044DE006B03DB /* PBXContainerItemProxy */ = {
			isa = PBXContainerItemProxy;
			containerPortal = D5BFB9D719E044DE006B03DB /* Alamofire.xcodeproj */;
			proxyType = 2;
			remoteGlobalIDString = F8111E3E19A95C8B0040E7D1;
			remoteInfo = AlamofireTests;
		};
/* End PBXContainerItemProxy section */

/* Begin PBXCopyFilesBuildPhase section */
		D511716B19E03DCD007675EE /* Copy Frameworks */ = {
			isa = PBXCopyFilesBuildPhase;
			buildActionMask = 2147483647;
			dstPath = "";
			dstSubfolderSpec = 10;
			files = (
				D5BFB9E119E044ED006B03DB /* Alamofire.framework in Copy Frameworks */,
			);
			name = "Copy Frameworks";
			runOnlyForDeploymentPostprocessing = 0;
		};
/* End PBXCopyFilesBuildPhase section */

/* Begin PBXFileReference section */
		1229AAC41A0EDD5A002887E6 /* UserTests.swift */ = {isa = PBXFileReference; fileEncoding = 4; lastKnownFileType = sourcecode.swift; path = UserTests.swift; sourceTree = "<group>"; };
		124B0CCE1A0E7F3F005EA92E /* Locksmith.swift */ = {isa = PBXFileReference; fileEncoding = 4; lastKnownFileType = sourcecode.swift; path = Locksmith.swift; sourceTree = "<group>"; };
		124B0CCF1A0E7F3F005EA92E /* LocksmithRequest.swift */ = {isa = PBXFileReference; fileEncoding = 4; lastKnownFileType = sourcecode.swift; path = LocksmithRequest.swift; sourceTree = "<group>"; };
		124F8C1D1A1A8F2B000A5812 /* SettingsViewController.swift */ = {isa = PBXFileReference; fileEncoding = 4; lastKnownFileType = sourcecode.swift; name = SettingsViewController.swift; path = ViewControllers/SettingsViewController.swift; sourceTree = "<group>"; };
		124F8C211A1A94E7000A5812 /* ActivityViewController.swift */ = {isa = PBXFileReference; fileEncoding = 4; lastKnownFileType = sourcecode.swift; name = ActivityViewController.swift; path = ViewControllers/ActivityViewController.swift; sourceTree = "<group>"; };
		126CBE221A115A9200E22070 /* BookmarksViewController.swift */ = {isa = PBXFileReference; fileEncoding = 4; lastKnownFileType = sourcecode.swift; name = BookmarksViewController.swift; path = ViewControllers/BookmarksViewController.swift; sourceTree = "<group>"; };
		126CBE261A1160E500E22070 /* UABookmarkCell.swift */ = {isa = PBXFileReference; fileEncoding = 4; lastKnownFileType = sourcecode.swift; name = UABookmarkCell.swift; path = Views/Cells/UABookmarkCell.swift; sourceTree = "<group>"; };
		126CBE281A1160FF00E22070 /* UABookmarkCell.xib */ = {isa = PBXFileReference; fileEncoding = 4; lastKnownFileType = file.xib; path = UABookmarkCell.xib; sourceTree = "<group>"; };
		126CBE2A1A116D2700E22070 /* CreditsViewController.swift */ = {isa = PBXFileReference; fileEncoding = 4; lastKnownFileType = sourcecode.swift; name = CreditsViewController.swift; path = ViewControllers/CreditsViewController.swift; sourceTree = "<group>"; };
		126CBE2C1A11732300E22070 /* UACredit.swift */ = {isa = PBXFileReference; fileEncoding = 4; lastKnownFileType = sourcecode.swift; path = UACredit.swift; sourceTree = "<group>"; };
		1294A16E1A0FBB9B00E45596 /* ProjectsViewController.swift */ = {isa = PBXFileReference; fileEncoding = 4; lastKnownFileType = sourcecode.swift; name = ProjectsViewController.swift; path = ViewControllers/ProjectsViewController.swift; sourceTree = "<group>"; };
		129E9A8A1A19518F00EBF8BF /* UACreditCell.swift */ = {isa = PBXFileReference; fileEncoding = 4; lastKnownFileType = sourcecode.swift; name = UACreditCell.swift; path = Views/Cells/UACreditCell.swift; sourceTree = "<group>"; };
		129E9A8E1A19519D00EBF8BF /* UACreditCell.xib */ = {isa = PBXFileReference; fileEncoding = 4; lastKnownFileType = file.xib; path = UACreditCell.xib; sourceTree = "<group>"; };
		12A172881A19470F000FAA54 /* UACompany.swift */ = {isa = PBXFileReference; fileEncoding = 4; lastKnownFileType = sourcecode.swift; path = UACompany.swift; sourceTree = "<group>"; };
		12A1729F1A19491A000FAA54 /* UACreditViewModel.swift */ = {isa = PBXFileReference; fileEncoding = 4; lastKnownFileType = sourcecode.swift; path = UACreditViewModel.swift; sourceTree = "<group>"; };
		12C528A11A0FD74000B8A50C /* UAProjectViewModel.swift */ = {isa = PBXFileReference; fileEncoding = 4; lastKnownFileType = sourcecode.swift; name = UAProjectViewModel.swift; path = ViewModels/UAProjectViewModel.swift; sourceTree = "<group>"; };
		12C528A31A0FD9A100B8A50C /* UAProject.swift */ = {isa = PBXFileReference; fileEncoding = 4; lastKnownFileType = sourcecode.swift; path = UAProject.swift; sourceTree = "<group>"; };
		12EA195C1A1939C000259B68 /* UACreditTests.swift */ = {isa = PBXFileReference; fileEncoding = 4; lastKnownFileType = sourcecode.swift; path = UACreditTests.swift; sourceTree = "<group>"; };
		12FCF4791A11534C008B74AA /* UAProjectCell.swift */ = {isa = PBXFileReference; fileEncoding = 4; lastKnownFileType = sourcecode.swift; name = UAProjectCell.swift; path = Views/Cells/UAProjectCell.swift; sourceTree = "<group>"; };
		12FCF47D1A11536A008B74AA /* UAProjectCell.xib */ = {isa = PBXFileReference; fileEncoding = 4; lastKnownFileType = file.xib; path = UAProjectCell.xib; sourceTree = "<group>"; };
		726EBB4EFD4946C89DE72AE0 /* Pods-UnserAller.xcconfig */ = {isa = PBXFileReference; includeInIndex = 1; lastKnownFileType = text.xcconfig; name = "Pods-UnserAller.xcconfig"; path = "Pods/Pods-UnserAller.xcconfig"; sourceTree = "<group>"; };
		C35093133BCA4887915E8666 /* libPods-UnserAller.a */ = {isa = PBXFileReference; explicitFileType = archive.ar; includeInIndex = 0; path = "libPods-UnserAller.a"; sourceTree = BUILT_PRODUCTS_DIR; };
		D511715019E030D2007675EE /* ENSideMenu.swift */ = {isa = PBXFileReference; fileEncoding = 4; lastKnownFileType = sourcecode.swift; path = ENSideMenu.swift; sourceTree = "<group>"; };
		D511715119E030D2007675EE /* ENSideMenuNavigationController.swift */ = {isa = PBXFileReference; fileEncoding = 4; lastKnownFileType = sourcecode.swift; path = ENSideMenuNavigationController.swift; sourceTree = "<group>"; };
		D511715419E034F8007675EE /* MenuTableViewController.swift */ = {isa = PBXFileReference; fileEncoding = 4; lastKnownFileType = sourcecode.swift; path = MenuTableViewController.swift; sourceTree = "<group>"; };
		D511715619E0364F007675EE /* InitNavigationViewController.swift */ = {isa = PBXFileReference; fileEncoding = 4; lastKnownFileType = sourcecode.swift; name = InitNavigationViewController.swift; path = ViewControllers/InitNavigationViewController.swift; sourceTree = "<group>"; };
		D5291666197C210C0038A048 /* LoginViewController.swift */ = {isa = PBXFileReference; fileEncoding = 4; lastKnownFileType = sourcecode.swift; name = LoginViewController.swift; path = ViewControllers/LoginViewController.swift; sourceTree = "<group>"; };
		D529166A197C2B5C0038A048 /* UAUser.swift */ = {isa = PBXFileReference; fileEncoding = 4; lastKnownFileType = sourcecode.swift; name = UAUser.swift; path = Models/UAUser.swift; sourceTree = "<group>"; };
		D52FF94319E321F8006139E2 /* UASuggestionViewModel.swift */ = {isa = PBXFileReference; fileEncoding = 4; lastKnownFileType = sourcecode.swift; path = UASuggestionViewModel.swift; sourceTree = "<group>"; };
		D52FF94519E3229F006139E2 /* UASuggestion.swift */ = {isa = PBXFileReference; fileEncoding = 4; lastKnownFileType = sourcecode.swift; path = UASuggestion.swift; sourceTree = "<group>"; };
		D56C462319E04DFC0059735A /* Media.xcassets */ = {isa = PBXFileReference; lastKnownFileType = folder.assetcatalog; name = Media.xcassets; path = ../Media.xcassets; sourceTree = "<group>"; };
		D5812282197C08B600E3573C /* UnserAller.app */ = {isa = PBXFileReference; explicitFileType = wrapper.application; includeInIndex = 0; path = UnserAller.app; sourceTree = BUILT_PRODUCTS_DIR; };
		D5812286197C08B600E3573C /* Info.plist */ = {isa = PBXFileReference; lastKnownFileType = text.plist.xml; path = Info.plist; sourceTree = "<group>"; };
		D5812287197C08B600E3573C /* AppDelegate.swift */ = {isa = PBXFileReference; lastKnownFileType = sourcecode.swift; path = AppDelegate.swift; sourceTree = "<group>"; };
		D5812289197C08B600E3573C /* InitViewController.swift */ = {isa = PBXFileReference; lastKnownFileType = sourcecode.swift; path = InitViewController.swift; sourceTree = "<group>"; };
		D581228C197C08B600E3573C /* Base */ = {isa = PBXFileReference; lastKnownFileType = file.storyboard; name = Base; path = Base.lproj/Main.storyboard; sourceTree = "<group>"; };
		D581228E197C08B600E3573C /* Images.xcassets */ = {isa = PBXFileReference; lastKnownFileType = folder.assetcatalog; path = Images.xcassets; sourceTree = "<group>"; };
		D5812294197C08B600E3573C /* UnserAllerTests.xctest */ = {isa = PBXFileReference; explicitFileType = wrapper.cfbundle; includeInIndex = 0; path = UnserAllerTests.xctest; sourceTree = BUILT_PRODUCTS_DIR; };
		D5812299197C08B600E3573C /* Info.plist */ = {isa = PBXFileReference; lastKnownFileType = text.plist.xml; path = Info.plist; sourceTree = "<group>"; };
		D581229A197C08B600E3573C /* UnserAllerTests.swift */ = {isa = PBXFileReference; lastKnownFileType = sourcecode.swift; path = UnserAllerTests.swift; sourceTree = "<group>"; };
		D584D585197C451300E1CAB3 /* MEDynamicTransition.h */ = {isa = PBXFileReference; fileEncoding = 4; lastKnownFileType = sourcecode.c.h; path = MEDynamicTransition.h; sourceTree = "<group>"; };
		D584D586197C451300E1CAB3 /* MEDynamicTransition.m */ = {isa = PBXFileReference; fileEncoding = 4; lastKnownFileType = sourcecode.c.objc; path = MEDynamicTransition.m; sourceTree = "<group>"; };
		D584D587197C451300E1CAB3 /* MEFoldAnimationController.h */ = {isa = PBXFileReference; fileEncoding = 4; lastKnownFileType = sourcecode.c.h; path = MEFoldAnimationController.h; sourceTree = "<group>"; };
		D584D588197C451300E1CAB3 /* MEFoldAnimationController.m */ = {isa = PBXFileReference; fileEncoding = 4; lastKnownFileType = sourcecode.c.objc; path = MEFoldAnimationController.m; sourceTree = "<group>"; };
		D584D589197C451300E1CAB3 /* METransitions.h */ = {isa = PBXFileReference; fileEncoding = 4; lastKnownFileType = sourcecode.c.h; path = METransitions.h; sourceTree = "<group>"; };
		D584D58A197C451300E1CAB3 /* METransitions.m */ = {isa = PBXFileReference; fileEncoding = 4; lastKnownFileType = sourcecode.c.objc; path = METransitions.m; sourceTree = "<group>"; };
		D584D58B197C451300E1CAB3 /* MEZoomAnimationController.h */ = {isa = PBXFileReference; fileEncoding = 4; lastKnownFileType = sourcecode.c.h; path = MEZoomAnimationController.h; sourceTree = "<group>"; };
		D584D58C197C451300E1CAB3 /* MEZoomAnimationController.m */ = {isa = PBXFileReference; fileEncoding = 4; lastKnownFileType = sourcecode.c.objc; path = MEZoomAnimationController.m; sourceTree = "<group>"; };
		D584D595197C47E000E1CAB3 /* HomeViewController.swift */ = {isa = PBXFileReference; fileEncoding = 4; lastKnownFileType = sourcecode.swift; name = HomeViewController.swift; path = ViewControllers/HomeViewController.swift; sourceTree = "<group>"; };
		D5A3ABDB19E5D3D100B71CC7 /* UAMedia.swift */ = {isa = PBXFileReference; fileEncoding = 4; lastKnownFileType = sourcecode.swift; path = UAMedia.swift; sourceTree = "<group>"; };
		D5A6A5C1197C0C1C0024903D /* UnserAller-Bridging-Header.h */ = {isa = PBXFileReference; lastKnownFileType = sourcecode.c.h; path = "UnserAller-Bridging-Header.h"; sourceTree = "<group>"; };
		D5BFB9D719E044DE006B03DB /* Alamofire.xcodeproj */ = {isa = PBXFileReference; lastKnownFileType = "wrapper.pb-project"; name = Alamofire.xcodeproj; path = UnserAller/Alamofire/Alamofire.xcodeproj; sourceTree = "<group>"; };
		D5D9E65B19E15A2500537FBD /* Keychain.swift */ = {isa = PBXFileReference; fileEncoding = 4; lastKnownFileType = sourcecode.swift; path = Keychain.swift; sourceTree = "<group>"; };
		D5FE701D19E6F22F00582B84 /* UACellViewModel.swift */ = {isa = PBXFileReference; fileEncoding = 4; lastKnownFileType = sourcecode.swift; path = UACellViewModel.swift; sourceTree = "<group>"; };
		D5FE702119E6F33600582B84 /* UASuggestCell.xib */ = {isa = PBXFileReference; fileEncoding = 4; lastKnownFileType = file.xib; path = UASuggestCell.xib; sourceTree = "<group>"; };
		D5FE702319E6FA6300582B84 /* UASuggestionCell.swift */ = {isa = PBXFileReference; fileEncoding = 4; lastKnownFileType = sourcecode.swift; name = UASuggestionCell.swift; path = Views/Cells/UASuggestionCell.swift; sourceTree = "<group>"; };
/* End PBXFileReference section */

/* Begin PBXFrameworksBuildPhase section */
		D581227F197C08B600E3573C /* Frameworks */ = {
			isa = PBXFrameworksBuildPhase;
			buildActionMask = 2147483647;
			files = (
				D5BFB9E019E044E6006B03DB /* Alamofire.framework in Frameworks */,
				3827BD89EAAE4D26B32301C7 /* libPods-UnserAller.a in Frameworks */,
			);
			runOnlyForDeploymentPostprocessing = 0;
		};
		D5812291197C08B600E3573C /* Frameworks */ = {
			isa = PBXFrameworksBuildPhase;
			buildActionMask = 2147483647;
			files = (
			);
			runOnlyForDeploymentPostprocessing = 0;
		};
/* End PBXFrameworksBuildPhase section */

/* Begin PBXGroup section */
		124B0CCB1A0E7F22005EA92E /* Locksmith */ = {
			isa = PBXGroup;
			children = (
				124B0CCE1A0E7F3F005EA92E /* Locksmith.swift */,
				124B0CCF1A0E7F3F005EA92E /* LocksmithRequest.swift */,
			);
			name = Locksmith;
			sourceTree = "<group>";
		};
		D511714F19E030D2007675EE /* Library */ = {
			isa = PBXGroup;
			children = (
				124B0CCB1A0E7F22005EA92E /* Locksmith */,
				D5D9E65719E158AE00537FBD /* Keychain */,
				D511715019E030D2007675EE /* ENSideMenu.swift */,
				D511715119E030D2007675EE /* ENSideMenuNavigationController.swift */,
			);
			path = Library;
			sourceTree = "<group>";
		};
		D5291668197C27700038A048 /* ViewControllers */ = {
			isa = PBXGroup;
			children = (
				D5812289197C08B600E3573C /* InitViewController.swift */,
				D5291666197C210C0038A048 /* LoginViewController.swift */,
				D584D595197C47E000E1CAB3 /* HomeViewController.swift */,
				D511715419E034F8007675EE /* MenuTableViewController.swift */,
				D511715619E0364F007675EE /* InitNavigationViewController.swift */,
				1294A16E1A0FBB9B00E45596 /* ProjectsViewController.swift */,
				126CBE221A115A9200E22070 /* BookmarksViewController.swift */,
				126CBE2A1A116D2700E22070 /* CreditsViewController.swift */,
				124F8C1D1A1A8F2B000A5812 /* SettingsViewController.swift */,
				124F8C211A1A94E7000A5812 /* ActivityViewController.swift */,
			);
			name = ViewControllers;
			sourceTree = "<group>";
		};
		D5291669197C2B180038A048 /* Models */ = {
			isa = PBXGroup;
			children = (
				D529166A197C2B5C0038A048 /* UAUser.swift */,
				D52FF94519E3229F006139E2 /* UASuggestion.swift */,
				D5A3ABDB19E5D3D100B71CC7 /* UAMedia.swift */,
				12C528A31A0FD9A100B8A50C /* UAProject.swift */,
				126CBE2C1A11732300E22070 /* UACredit.swift */,
				12A172881A19470F000FAA54 /* UACompany.swift */,
			);
			name = Models;
			sourceTree = "<group>";
		};
		D52FF94019E3218C006139E2 /* ViewModels */ = {
			isa = PBXGroup;
			children = (
				D52FF94319E321F8006139E2 /* UASuggestionViewModel.swift */,
				D5FE701D19E6F22F00582B84 /* UACellViewModel.swift */,
				12C528A11A0FD74000B8A50C /* UAProjectViewModel.swift */,
				12A1729F1A19491A000FAA54 /* UACreditViewModel.swift */,
			);
			name = ViewModels;
			sourceTree = "<group>";
		};
		D555CCA519E1CEC200AB0F5F /* Views */ = {
			isa = PBXGroup;
			children = (
				D555CCA919E1CEE100AB0F5F /* CellsWithImages */,
				D555CCA819E1CED300AB0F5F /* Cells */,
			);
			name = Views;
			sourceTree = "<group>";
		};
		D555CCA819E1CED300AB0F5F /* Cells */ = {
			isa = PBXGroup;
			children = (
				D5FE702319E6FA6300582B84 /* UASuggestionCell.swift */,
				D5FE702119E6F33600582B84 /* UASuggestCell.xib */,
				12FCF4791A11534C008B74AA /* UAProjectCell.swift */,
				12FCF47D1A11536A008B74AA /* UAProjectCell.xib */,
				126CBE261A1160E500E22070 /* UABookmarkCell.swift */,
				126CBE281A1160FF00E22070 /* UABookmarkCell.xib */,
				129E9A8A1A19518F00EBF8BF /* UACreditCell.swift */,
				129E9A8E1A19519D00EBF8BF /* UACreditCell.xib */,
			);
			name = Cells;
			sourceTree = "<group>";
		};
		D555CCA919E1CEE100AB0F5F /* CellsWithImages */ = {
			isa = PBXGroup;
			children = (
			);
			name = CellsWithImages;
			sourceTree = "<group>";
		};
		D5812279197C08B600E3573C = {
			isa = PBXGroup;
			children = (
				D5BFB9D719E044DE006B03DB /* Alamofire.xcodeproj */,
				D5812284197C08B600E3573C /* UnserAller */,
				D5812297197C08B600E3573C /* UnserAllerTests */,
				D5812283197C08B600E3573C /* Products */,
				726EBB4EFD4946C89DE72AE0 /* Pods-UnserAller.xcconfig */,
				EA69EAB27E124453A0FB0AC3 /* Frameworks */,
			);
			sourceTree = "<group>";
		};
		D5812283197C08B600E3573C /* Products */ = {
			isa = PBXGroup;
			children = (
				D5812282197C08B600E3573C /* UnserAller.app */,
				D5812294197C08B600E3573C /* UnserAllerTests.xctest */,
			);
			name = Products;
			sourceTree = "<group>";
		};
		D5812284197C08B600E3573C /* UnserAller */ = {
			isa = PBXGroup;
			children = (
				D52FF94019E3218C006139E2 /* ViewModels */,
				D555CCA519E1CEC200AB0F5F /* Views */,
				D511714F19E030D2007675EE /* Library */,
				D5291669197C2B180038A048 /* Models */,
				D5291668197C27700038A048 /* ViewControllers */,
				D5812287197C08B600E3573C /* AppDelegate.swift */,
				D581228B197C08B600E3573C /* Main.storyboard */,
				D581228E197C08B600E3573C /* Images.xcassets */,
				D56C462319E04DFC0059735A /* Media.xcassets */,
				D584D591197C451800E1CAB3 /* Transitions */,
				D5812285197C08B600E3573C /* Supporting Files */,
				D5A6A5C1197C0C1C0024903D /* UnserAller-Bridging-Header.h */,
			);
			path = UnserAller;
			sourceTree = "<group>";
		};
		D5812285197C08B600E3573C /* Supporting Files */ = {
			isa = PBXGroup;
			children = (
				D5812286197C08B600E3573C /* Info.plist */,
			);
			name = "Supporting Files";
			sourceTree = "<group>";
		};
		D5812297197C08B600E3573C /* UnserAllerTests */ = {
			isa = PBXGroup;
			children = (
				D581229A197C08B600E3573C /* UnserAllerTests.swift */,
				1229AAC41A0EDD5A002887E6 /* UserTests.swift */,
				12EA195C1A1939C000259B68 /* UACreditTests.swift */,
				D5812298197C08B600E3573C /* Supporting Files */,
			);
			path = UnserAllerTests;
			sourceTree = "<group>";
		};
		D5812298197C08B600E3573C /* Supporting Files */ = {
			isa = PBXGroup;
			children = (
				D5812299197C08B600E3573C /* Info.plist */,
			);
			name = "Supporting Files";
			sourceTree = "<group>";
		};
		D584D591197C451800E1CAB3 /* Transitions */ = {
			isa = PBXGroup;
			children = (
				D584D585197C451300E1CAB3 /* MEDynamicTransition.h */,
				D584D586197C451300E1CAB3 /* MEDynamicTransition.m */,
				D584D587197C451300E1CAB3 /* MEFoldAnimationController.h */,
				D584D588197C451300E1CAB3 /* MEFoldAnimationController.m */,
				D584D589197C451300E1CAB3 /* METransitions.h */,
				D584D58A197C451300E1CAB3 /* METransitions.m */,
				D584D58B197C451300E1CAB3 /* MEZoomAnimationController.h */,
				D584D58C197C451300E1CAB3 /* MEZoomAnimationController.m */,
			);
			name = Transitions;
			sourceTree = "<group>";
		};
		D5BFB9D819E044DE006B03DB /* Products */ = {
			isa = PBXGroup;
			children = (
				D5BFB9DD19E044DE006B03DB /* Alamofire.framework */,
				D5BFB9DF19E044DE006B03DB /* AlamofireTests.xctest */,
			);
			name = Products;
			sourceTree = "<group>";
		};
		D5D9E65719E158AE00537FBD /* Keychain */ = {
			isa = PBXGroup;
			children = (
				D5D9E65B19E15A2500537FBD /* Keychain.swift */,
			);
			name = Keychain;
			sourceTree = "<group>";
		};
		EA69EAB27E124453A0FB0AC3 /* Frameworks */ = {
			isa = PBXGroup;
			children = (
				C35093133BCA4887915E8666 /* libPods-UnserAller.a */,
			);
			name = Frameworks;
			sourceTree = "<group>";
		};
/* End PBXGroup section */

/* Begin PBXNativeTarget section */
		D5812281197C08B600E3573C /* UnserAller */ = {
			isa = PBXNativeTarget;
			buildConfigurationList = D581229E197C08B600E3573C /* Build configuration list for PBXNativeTarget "UnserAller" */;
			buildPhases = (
				D0C268D6EC3A4982BBEA5F1B /* Check Pods Manifest.lock */,
				D581227E197C08B600E3573C /* Sources */,
				D581227F197C08B600E3573C /* Frameworks */,
				D5812280197C08B600E3573C /* Resources */,
				C8B95B34AE36406C9A8AE977 /* Copy Pods Resources */,
				D511716B19E03DCD007675EE /* Copy Frameworks */,
			);
			buildRules = (
			);
			dependencies = (
			);
			name = UnserAller;
			productName = UnserAller;
			productReference = D5812282197C08B600E3573C /* UnserAller.app */;
			productType = "com.apple.product-type.application";
		};
		D5812293197C08B600E3573C /* UnserAllerTests */ = {
			isa = PBXNativeTarget;
			buildConfigurationList = D58122A1197C08B600E3573C /* Build configuration list for PBXNativeTarget "UnserAllerTests" */;
			buildPhases = (
				D5812290197C08B600E3573C /* Sources */,
				D5812291197C08B600E3573C /* Frameworks */,
				D5812292197C08B600E3573C /* Resources */,
			);
			buildRules = (
			);
			dependencies = (
				D5812296197C08B600E3573C /* PBXTargetDependency */,
			);
			name = UnserAllerTests;
			productName = UnserAllerTests;
			productReference = D5812294197C08B600E3573C /* UnserAllerTests.xctest */;
			productType = "com.apple.product-type.bundle.unit-test";
		};
/* End PBXNativeTarget section */

/* Begin PBXProject section */
		D581227A197C08B600E3573C /* Project object */ = {
			isa = PBXProject;
			attributes = {
				LastUpgradeCheck = 0600;
				ORGANIZATIONNAME = "Vadym Yatsyuk";
				TargetAttributes = {
					D5812281197C08B600E3573C = {
						CreatedOnToolsVersion = 6.0;
						DevelopmentTeam = 8YFCERCRUC;
					};
					D5812293197C08B600E3573C = {
						CreatedOnToolsVersion = 6.0;
						TestTargetID = D5812281197C08B600E3573C;
					};
				};
			};
			buildConfigurationList = D581227D197C08B600E3573C /* Build configuration list for PBXProject "UnserAller" */;
			compatibilityVersion = "Xcode 3.2";
			developmentRegion = English;
			hasScannedForEncodings = 0;
			knownRegions = (
				en,
				Base,
			);
			mainGroup = D5812279197C08B600E3573C;
			productRefGroup = D5812283197C08B600E3573C /* Products */;
			projectDirPath = "";
			projectReferences = (
				{
					ProductGroup = D5BFB9D819E044DE006B03DB /* Products */;
					ProjectRef = D5BFB9D719E044DE006B03DB /* Alamofire.xcodeproj */;
				},
			);
			projectRoot = "";
			targets = (
				D5812281197C08B600E3573C /* UnserAller */,
				D5812293197C08B600E3573C /* UnserAllerTests */,
			);
		};
/* End PBXProject section */

/* Begin PBXReferenceProxy section */
		D5BFB9DD19E044DE006B03DB /* Alamofire.framework */ = {
			isa = PBXReferenceProxy;
			fileType = wrapper.framework;
			path = Alamofire.framework;
			remoteRef = D5BFB9DC19E044DE006B03DB /* PBXContainerItemProxy */;
			sourceTree = BUILT_PRODUCTS_DIR;
		};
		D5BFB9DF19E044DE006B03DB /* AlamofireTests.xctest */ = {
			isa = PBXReferenceProxy;
			fileType = wrapper.cfbundle;
			path = AlamofireTests.xctest;
			remoteRef = D5BFB9DE19E044DE006B03DB /* PBXContainerItemProxy */;
			sourceTree = BUILT_PRODUCTS_DIR;
		};
/* End PBXReferenceProxy section */

/* Begin PBXResourcesBuildPhase section */
		D5812280197C08B600E3573C /* Resources */ = {
			isa = PBXResourcesBuildPhase;
			buildActionMask = 2147483647;
			files = (
				D581228D197C08B600E3573C /* Main.storyboard in Resources */,
				D56C462419E04DFC0059735A /* Media.xcassets in Resources */,
				D5FE702219E6F33600582B84 /* UASuggestCell.xib in Resources */,
				129E9A8F1A19519D00EBF8BF /* UACreditCell.xib in Resources */,
				D56C462219E04DDE0059735A /* Images.xcassets in Resources */,
				12FCF47E1A11536A008B74AA /* UAProjectCell.xib in Resources */,
				126CBE291A1160FF00E22070 /* UABookmarkCell.xib in Resources */,
			);
			runOnlyForDeploymentPostprocessing = 0;
		};
		D5812292197C08B600E3573C /* Resources */ = {
			isa = PBXResourcesBuildPhase;
			buildActionMask = 2147483647;
			files = (
			);
			runOnlyForDeploymentPostprocessing = 0;
		};
/* End PBXResourcesBuildPhase section */

/* Begin PBXShellScriptBuildPhase section */
		C8B95B34AE36406C9A8AE977 /* Copy Pods Resources */ = {
			isa = PBXShellScriptBuildPhase;
			buildActionMask = 2147483647;
			files = (
			);
			inputPaths = (
			);
			name = "Copy Pods Resources";
			outputPaths = (
			);
			runOnlyForDeploymentPostprocessing = 0;
			shellPath = /bin/sh;
			shellScript = "\"${SRCROOT}/Pods/Pods-UnserAller-resources.sh\"\n";
			showEnvVarsInLog = 0;
		};
		D0C268D6EC3A4982BBEA5F1B /* Check Pods Manifest.lock */ = {
			isa = PBXShellScriptBuildPhase;
			buildActionMask = 2147483647;
			files = (
			);
			inputPaths = (
			);
			name = "Check Pods Manifest.lock";
			outputPaths = (
			);
			runOnlyForDeploymentPostprocessing = 0;
			shellPath = /bin/sh;
			shellScript = "diff \"${PODS_ROOT}/../Podfile.lock\" \"${PODS_ROOT}/Manifest.lock\" > /dev/null\nif [[ $? != 0 ]] ; then\n    cat << EOM\nerror: The sandbox is not in sync with the Podfile.lock. Run 'pod install' or update your CocoaPods installation.\nEOM\n    exit 1\nfi\n";
			showEnvVarsInLog = 0;
		};
/* End PBXShellScriptBuildPhase section */

/* Begin PBXSourcesBuildPhase section */
		D581227E197C08B600E3573C /* Sources */ = {
			isa = PBXSourcesBuildPhase;
			buildActionMask = 2147483647;
			files = (
				124B0CD01A0E7F3F005EA92E /* Locksmith.swift in Sources */,
				D511715219E030D2007675EE /* ENSideMenu.swift in Sources */,
				124F8C1E1A1A8F2B000A5812 /* SettingsViewController.swift in Sources */,
				1294A16F1A0FBB9B00E45596 /* ProjectsViewController.swift in Sources */,
				D584D58F197C451300E1CAB3 /* METransitions.m in Sources */,
				D5FE701E19E6F22F00582B84 /* UACellViewModel.swift in Sources */,
				D584D590197C451300E1CAB3 /* MEZoomAnimationController.m in Sources */,
				126CBE231A115A9200E22070 /* BookmarksViewController.swift in Sources */,
				12C528A21A0FD74000B8A50C /* UAProjectViewModel.swift in Sources */,
				12A172A01A19491A000FAA54 /* UACreditViewModel.swift in Sources */,
				12C528A41A0FD9A100B8A50C /* UAProject.swift in Sources */,
				D529166B197C2B5C0038A048 /* UAUser.swift in Sources */,
				D584D58E197C451300E1CAB3 /* MEFoldAnimationController.m in Sources */,
				124B0CD11A0E7F3F005EA92E /* LocksmithRequest.swift in Sources */,
				D584D596197C47E000E1CAB3 /* HomeViewController.swift in Sources */,
				12FCF47A1A11534C008B74AA /* UAProjectCell.swift in Sources */,
				D511715519E034F8007675EE /* MenuTableViewController.swift in Sources */,
				126CBE2B1A116D2700E22070 /* CreditsViewController.swift in Sources */,
				D5291667197C210C0038A048 /* LoginViewController.swift in Sources */,
				D511715319E030D2007675EE /* ENSideMenuNavigationController.swift in Sources */,
				126CBE2D1A11732300E22070 /* UACredit.swift in Sources */,
				124F8C221A1A94E7000A5812 /* ActivityViewController.swift in Sources */,
				D584D58D197C451300E1CAB3 /* MEDynamicTransition.m in Sources */,
				D5A3ABDC19E5D3D100B71CC7 /* UAMedia.swift in Sources */,
				D581228A197C08B600E3573C /* InitViewController.swift in Sources */,
				D52FF94619E3229F006139E2 /* UASuggestion.swift in Sources */,
				D511715719E0364F007675EE /* InitNavigationViewController.swift in Sources */,
				D5FE702419E6FA6300582B84 /* UASuggestionCell.swift in Sources */,
				D52FF94419E321F8006139E2 /* UASuggestionViewModel.swift in Sources */,
				D5812288197C08B600E3573C /* AppDelegate.swift in Sources */,
				126CBE271A1160E500E22070 /* UABookmarkCell.swift in Sources */,
				D5D9E65C19E15A2500537FBD /* Keychain.swift in Sources */,
				129E9A8B1A19518F00EBF8BF /* UACreditCell.swift in Sources */,
				12A172891A19470F000FAA54 /* UACompany.swift in Sources */,
			);
			runOnlyForDeploymentPostprocessing = 0;
		};
		D5812290197C08B600E3573C /* Sources */ = {
			isa = PBXSourcesBuildPhase;
			buildActionMask = 2147483647;
			files = (
				125E39DC1A1146EB00DD5542 /* AppDelegate.swift in Sources */,
				12A172851A1944DA000FAA54 /* UAProject.swift in Sources */,
				12EA195D1A1939C000259B68 /* UACreditTests.swift in Sources */,
				12EA19601A193A7400259B68 /* UACredit.swift in Sources */,
				D5974E701A102CC200BE93EE /* Locksmith.swift in Sources */,
				1229AAC51A0EDD5A002887E6 /* UserTests.swift in Sources */,
				D5974E711A102CC600BE93EE /* LocksmithRequest.swift in Sources */,
				D5974E6D1A102A2A00BE93EE /* UAUser.swift in Sources */,
				D581229B197C08B600E3573C /* UnserAllerTests.swift in Sources */,
				12A1728A1A194739000FAA54 /* UACompany.swift in Sources */,
			);
			runOnlyForDeploymentPostprocessing = 0;
		};
/* End PBXSourcesBuildPhase section */

/* Begin PBXTargetDependency section */
		D5812296197C08B600E3573C /* PBXTargetDependency */ = {
			isa = PBXTargetDependency;
			target = D5812281197C08B600E3573C /* UnserAller */;
			targetProxy = D5812295197C08B600E3573C /* PBXContainerItemProxy */;
		};
/* End PBXTargetDependency section */

/* Begin PBXVariantGroup section */
		D581228B197C08B600E3573C /* Main.storyboard */ = {
			isa = PBXVariantGroup;
			children = (
				D581228C197C08B600E3573C /* Base */,
			);
			name = Main.storyboard;
			sourceTree = "<group>";
		};
/* End PBXVariantGroup section */

/* Begin XCBuildConfiguration section */
		D581229C197C08B600E3573C /* Debug */ = {
			isa = XCBuildConfiguration;
			buildSettings = {
				ALWAYS_SEARCH_USER_PATHS = NO;
				CLANG_CXX_LANGUAGE_STANDARD = "gnu++0x";
				CLANG_CXX_LIBRARY = "libc++";
				CLANG_ENABLE_MODULES = YES;
				CLANG_ENABLE_OBJC_ARC = YES;
				CLANG_WARN_BOOL_CONVERSION = YES;
				CLANG_WARN_CONSTANT_CONVERSION = YES;
				CLANG_WARN_DIRECT_OBJC_ISA_USAGE = YES_ERROR;
				CLANG_WARN_EMPTY_BODY = YES;
				CLANG_WARN_ENUM_CONVERSION = YES;
				CLANG_WARN_INT_CONVERSION = YES;
				CLANG_WARN_OBJC_ROOT_CLASS = YES_ERROR;
				CLANG_WARN_UNREACHABLE_CODE = YES;
				CLANG_WARN__DUPLICATE_METHOD_MATCH = YES;
				"CODE_SIGN_IDENTITY[sdk=iphoneos*]" = "iPhone Developer";
				COPY_PHASE_STRIP = NO;
				ENABLE_STRICT_OBJC_MSGSEND = YES;
				GCC_C_LANGUAGE_STANDARD = gnu99;
				GCC_DYNAMIC_NO_PIC = NO;
				GCC_OPTIMIZATION_LEVEL = 0;
				GCC_PREPROCESSOR_DEFINITIONS = (
					"DEBUG=1",
					"$(inherited)",
				);
				GCC_SYMBOLS_PRIVATE_EXTERN = NO;
				GCC_WARN_64_TO_32_BIT_CONVERSION = YES;
				GCC_WARN_ABOUT_RETURN_TYPE = YES_ERROR;
				GCC_WARN_UNDECLARED_SELECTOR = YES;
				GCC_WARN_UNINITIALIZED_AUTOS = YES_AGGRESSIVE;
				GCC_WARN_UNUSED_FUNCTION = YES;
				GCC_WARN_UNUSED_VARIABLE = YES;
				IPHONEOS_DEPLOYMENT_TARGET = 8.0;
				MTL_ENABLE_DEBUG_INFO = YES;
				ONLY_ACTIVE_ARCH = YES;
				SDKROOT = iphoneos;
				SWIFT_OPTIMIZATION_LEVEL = "-Onone";
			};
			name = Debug;
		};
		D581229D197C08B600E3573C /* Release */ = {
			isa = XCBuildConfiguration;
			buildSettings = {
				ALWAYS_SEARCH_USER_PATHS = NO;
				CLANG_CXX_LANGUAGE_STANDARD = "gnu++0x";
				CLANG_CXX_LIBRARY = "libc++";
				CLANG_ENABLE_MODULES = YES;
				CLANG_ENABLE_OBJC_ARC = YES;
				CLANG_WARN_BOOL_CONVERSION = YES;
				CLANG_WARN_CONSTANT_CONVERSION = YES;
				CLANG_WARN_DIRECT_OBJC_ISA_USAGE = YES_ERROR;
				CLANG_WARN_EMPTY_BODY = YES;
				CLANG_WARN_ENUM_CONVERSION = YES;
				CLANG_WARN_INT_CONVERSION = YES;
				CLANG_WARN_OBJC_ROOT_CLASS = YES_ERROR;
				CLANG_WARN_UNREACHABLE_CODE = YES;
				CLANG_WARN__DUPLICATE_METHOD_MATCH = YES;
				"CODE_SIGN_IDENTITY[sdk=iphoneos*]" = "iPhone Developer";
				COPY_PHASE_STRIP = YES;
				ENABLE_NS_ASSERTIONS = NO;
				ENABLE_STRICT_OBJC_MSGSEND = YES;
				GCC_C_LANGUAGE_STANDARD = gnu99;
				GCC_WARN_64_TO_32_BIT_CONVERSION = YES;
				GCC_WARN_ABOUT_RETURN_TYPE = YES_ERROR;
				GCC_WARN_UNDECLARED_SELECTOR = YES;
				GCC_WARN_UNINITIALIZED_AUTOS = YES_AGGRESSIVE;
				GCC_WARN_UNUSED_FUNCTION = YES;
				GCC_WARN_UNUSED_VARIABLE = YES;
				IPHONEOS_DEPLOYMENT_TARGET = 8.0;
				MTL_ENABLE_DEBUG_INFO = NO;
				SDKROOT = iphoneos;
				VALIDATE_PRODUCT = YES;
			};
			name = Release;
		};
		D581229F197C08B600E3573C /* Debug */ = {
			isa = XCBuildConfiguration;
			baseConfigurationReference = 726EBB4EFD4946C89DE72AE0 /* Pods-UnserAller.xcconfig */;
			buildSettings = {
				ASSETCATALOG_COMPILER_APPICON_NAME = AppIcon;
				ASSETCATALOG_COMPILER_LAUNCHIMAGE_NAME = LaunchImage;
				CLANG_ENABLE_MODULES = YES;
				CODE_SIGN_IDENTITY = "iPhone Developer";
				EMBEDDED_CONTENT_CONTAINS_SWIFT = YES;
				INFOPLIST_FILE = UnserAller/Info.plist;
				IPHONEOS_DEPLOYMENT_TARGET = 8.0;
				LD_RUNPATH_SEARCH_PATHS = "$(inherited) @executable_path/Frameworks";
				PRODUCT_NAME = "$(TARGET_NAME)";
				SWIFT_OBJC_BRIDGING_HEADER = "UnserAller/UnserAller-Bridging-Header.h";
				SWIFT_OPTIMIZATION_LEVEL = "-Onone";
			};
			name = Debug;
		};
		D58122A0197C08B600E3573C /* Release */ = {
			isa = XCBuildConfiguration;
			baseConfigurationReference = 726EBB4EFD4946C89DE72AE0 /* Pods-UnserAller.xcconfig */;
			buildSettings = {
				ASSETCATALOG_COMPILER_APPICON_NAME = AppIcon;
				ASSETCATALOG_COMPILER_LAUNCHIMAGE_NAME = LaunchImage;
				CLANG_ENABLE_MODULES = YES;
				CODE_SIGN_IDENTITY = "iPhone Developer";
				EMBEDDED_CONTENT_CONTAINS_SWIFT = YES;
				INFOPLIST_FILE = UnserAller/Info.plist;
				IPHONEOS_DEPLOYMENT_TARGET = 8.0;
				LD_RUNPATH_SEARCH_PATHS = "$(inherited) @executable_path/Frameworks";
				PRODUCT_NAME = "$(TARGET_NAME)";
				SWIFT_OBJC_BRIDGING_HEADER = "UnserAller/UnserAller-Bridging-Header.h";
			};
			name = Release;
		};
		D58122A2197C08B600E3573C /* Debug */ = {
			isa = XCBuildConfiguration;
			buildSettings = {
				BUNDLE_LOADER = "$(BUILT_PRODUCTS_DIR)/UnserAller.app/UnserAller";
				FRAMEWORK_SEARCH_PATHS = (
					"$(SDKROOT)/Developer/Library/Frameworks",
					"$(inherited)",
				);
				GCC_PREPROCESSOR_DEFINITIONS = (
					"DEBUG=1",
					"$(inherited)",
				);
				INFOPLIST_FILE = UnserAllerTests/Info.plist;
				IPHONEOS_DEPLOYMENT_TARGET = 8.0;
				LD_RUNPATH_SEARCH_PATHS = "$(inherited) @executable_path/Frameworks @loader_path/Frameworks";
				PRODUCT_NAME = "$(TARGET_NAME)";
				TEST_HOST = "$(BUNDLE_LOADER)";
			};
			name = Debug;
		};
		D58122A3197C08B600E3573C /* Release */ = {
			isa = XCBuildConfiguration;
			buildSettings = {
				BUNDLE_LOADER = "$(BUILT_PRODUCTS_DIR)/UnserAller.app/UnserAller";
				FRAMEWORK_SEARCH_PATHS = (
					"$(SDKROOT)/Developer/Library/Frameworks",
					"$(inherited)",
				);
				INFOPLIST_FILE = UnserAllerTests/Info.plist;
				IPHONEOS_DEPLOYMENT_TARGET = 8.0;
				LD_RUNPATH_SEARCH_PATHS = "$(inherited) @executable_path/Frameworks @loader_path/Frameworks";
				PRODUCT_NAME = "$(TARGET_NAME)";
				TEST_HOST = "$(BUNDLE_LOADER)";
			};
			name = Release;
		};
/* End XCBuildConfiguration section */

/* Begin XCConfigurationList section */
		D581227D197C08B600E3573C /* Build configuration list for PBXProject "UnserAller" */ = {
			isa = XCConfigurationList;
			buildConfigurations = (
				D581229C197C08B600E3573C /* Debug */,
				D581229D197C08B600E3573C /* Release */,
			);
			defaultConfigurationIsVisible = 0;
			defaultConfigurationName = Release;
		};
		D581229E197C08B600E3573C /* Build configuration list for PBXNativeTarget "UnserAller" */ = {
			isa = XCConfigurationList;
			buildConfigurations = (
				D581229F197C08B600E3573C /* Debug */,
				D58122A0197C08B600E3573C /* Release */,
			);
			defaultConfigurationIsVisible = 0;
			defaultConfigurationName = Release;
		};
		D58122A1197C08B600E3573C /* Build configuration list for PBXNativeTarget "UnserAllerTests" */ = {
			isa = XCConfigurationList;
			buildConfigurations = (
				D58122A2197C08B600E3573C /* Debug */,
				D58122A3197C08B600E3573C /* Release */,
			);
			defaultConfigurationIsVisible = 0;
			defaultConfigurationName = Release;
		};
/* End XCConfigurationList section */
	};
	rootObject = D581227A197C08B600E3573C /* Project object */;
}
