// !$*UTF8*$!
{
	archiveVersion = 1;
	classes = {
	};
	objectVersion = 46;
	objects = {

/* Begin PBXBuildFile section */
		09FE127DB6A67DA54F9E34BB /* Pods_UnserAllerTests.framework in Frameworks */ = {isa = PBXBuildFile; fileRef = B457EDF9060C328466BDFAD3 /* Pods_UnserAllerTests.framework */; settings = {ATTRIBUTES = (Weak, ); }; };
		120803791A6BAEB100CD19E8 /* UACommentWithImageCell.swift in Sources */ = {isa = PBXBuildFile; fileRef = 120803781A6BAEB100CD19E8 /* UACommentWithImageCell.swift */; };
		1208037E1A6BAECE00CD19E8 /* UACommentWithImageCell.xib in Resources */ = {isa = PBXBuildFile; fileRef = 1208037D1A6BAECE00CD19E8 /* UACommentWithImageCell.xib */; };
		120803801A6BBA0E00CD19E8 /* UASuggestionWithImageView.swift in Sources */ = {isa = PBXBuildFile; fileRef = 1208037F1A6BBA0E00CD19E8 /* UASuggestionWithImageView.swift */; };
		120803821A6BBA3900CD19E8 /* UASuggestionWithImageView.xib in Resources */ = {isa = PBXBuildFile; fileRef = 120803811A6BBA3900CD19E8 /* UASuggestionWithImageView.xib */; };
		1216C0D61A85800A0057FF86 /* RegistrationViewController.swift in Sources */ = {isa = PBXBuildFile; fileRef = 1216C0D51A85800A0057FF86 /* RegistrationViewController.swift */; };
		1216E5C71B1B401E004D8F22 /* UIViewControllerWithMedia.swift in Sources */ = {isa = PBXBuildFile; fileRef = 1216E5C61B1B401E004D8F22 /* UIViewControllerWithMedia.swift */; };
		1216E5C91B1B4182004D8F22 /* StringExtensions.swift in Sources */ = {isa = PBXBuildFile; fileRef = 1216E5C81B1B4182004D8F22 /* StringExtensions.swift */; };
		1216E5CB1B1B444B004D8F22 /* NSDateExtensions.swift in Sources */ = {isa = PBXBuildFile; fileRef = 1216E5CA1B1B444B004D8F22 /* NSDateExtensions.swift */; };
		1229AAC51A0EDD5A002887E6 /* UserTests.swift in Sources */ = {isa = PBXBuildFile; fileRef = 1229AAC41A0EDD5A002887E6 /* UserTests.swift */; };
		123986981B20BD3A002EB6D7 /* NewsViewController.swift in Sources */ = {isa = PBXBuildFile; fileRef = 123986971B20BD3A002EB6D7 /* NewsViewController.swift */; };
		1241E3DD1A646E240068678D /* UASuggestionVoteImageCell.swift in Sources */ = {isa = PBXBuildFile; fileRef = 1241E3DC1A646E240068678D /* UASuggestionVoteImageCell.swift */; };
		1241E3E21A646E460068678D /* UASuggestionVoteImageCell.xib in Resources */ = {isa = PBXBuildFile; fileRef = 1241E3E11A646E460068678D /* UASuggestionVoteImageCell.xib */; };
		124331F91A6703F500B7190A /* UASuggestionViewController.swift in Sources */ = {isa = PBXBuildFile; fileRef = 124331F81A6703F500B7190A /* UASuggestionViewController.swift */; };
		124F8C1E1A1A8F2B000A5812 /* SettingsViewController.swift in Sources */ = {isa = PBXBuildFile; fileRef = 124F8C1D1A1A8F2B000A5812 /* SettingsViewController.swift */; };
		124F8C221A1A94E7000A5812 /* ActivityViewController.swift in Sources */ = {isa = PBXBuildFile; fileRef = 124F8C211A1A94E7000A5812 /* ActivityViewController.swift */; };
		125E39DC1A1146EB00DD5542 /* AppDelegate.swift in Sources */ = {isa = PBXBuildFile; fileRef = D5812287197C08B600E3573C /* AppDelegate.swift */; };
		12608E491B1E5140007BBEAE /* UACellSuggest.swift in Sources */ = {isa = PBXBuildFile; fileRef = 12608E481B1E5140007BBEAE /* UACellSuggest.swift */; };
		12620B5D1A6182A800C54124 /* FloatRatingView.swift in Sources */ = {isa = PBXBuildFile; fileRef = 12620B5C1A6182A800C54124 /* FloatRatingView.swift */; };
		126CBE231A115A9200E22070 /* BookmarksViewController.swift in Sources */ = {isa = PBXBuildFile; fileRef = 126CBE221A115A9200E22070 /* BookmarksViewController.swift */; };
		126CBE271A1160E500E22070 /* UABookmarkCell.swift in Sources */ = {isa = PBXBuildFile; fileRef = 126CBE261A1160E500E22070 /* UABookmarkCell.swift */; };
		126CBE291A1160FF00E22070 /* UABookmarkCell.xib in Resources */ = {isa = PBXBuildFile; fileRef = 126CBE281A1160FF00E22070 /* UABookmarkCell.xib */; };
		126CBE2B1A116D2700E22070 /* CreditsViewController.swift in Sources */ = {isa = PBXBuildFile; fileRef = 126CBE2A1A116D2700E22070 /* CreditsViewController.swift */; };
		126CBE2D1A11732300E22070 /* UACredit.swift in Sources */ = {isa = PBXBuildFile; fileRef = 126CBE2C1A11732300E22070 /* UACredit.swift */; };
		1270B5831A6B166100D041B9 /* UACommentViewModel.swift in Sources */ = {isa = PBXBuildFile; fileRef = 1270B5821A6B166100D041B9 /* UACommentViewModel.swift */; };
		1270B5881A6B16D400D041B9 /* UAComment.swift in Sources */ = {isa = PBXBuildFile; fileRef = 1270B5871A6B16D400D041B9 /* UAComment.swift */; };
		127665721A6B9D9600E87A0E /* UACommentCell.swift in Sources */ = {isa = PBXBuildFile; fileRef = 127665711A6B9D9600E87A0E /* UACommentCell.swift */; };
		127665741A6B9E1700E87A0E /* UACommentCell.xib in Resources */ = {isa = PBXBuildFile; fileRef = 127665731A6B9E1700E87A0E /* UACommentCell.xib */; };
		1294A16F1A0FBB9B00E45596 /* ProjectsViewController.swift in Sources */ = {isa = PBXBuildFile; fileRef = 1294A16E1A0FBB9B00E45596 /* ProjectsViewController.swift */; };
		129837E81A69BB3E00087E5F /* UASuggestionHeaderView.swift in Sources */ = {isa = PBXBuildFile; fileRef = 129837E71A69BB3E00087E5F /* UASuggestionHeaderView.swift */; };
		129CD12F1A613E0F00434D67 /* UASuggestionVoteCell.swift in Sources */ = {isa = PBXBuildFile; fileRef = 129CD12E1A613E0F00434D67 /* UASuggestionVoteCell.swift */; };
		129CD1341A613E1E00434D67 /* UASuggestionVoteCell.xib in Resources */ = {isa = PBXBuildFile; fileRef = 129CD1331A613E1E00434D67 /* UASuggestionVoteCell.xib */; };
		129CD1361A6140D400434D67 /* UALabel.swift in Sources */ = {isa = PBXBuildFile; fileRef = 129CD1351A6140D400434D67 /* UALabel.swift */; };
		129E9A8B1A19518F00EBF8BF /* UACreditCell.swift in Sources */ = {isa = PBXBuildFile; fileRef = 129E9A8A1A19518F00EBF8BF /* UACreditCell.swift */; };
		129E9A8F1A19519D00EBF8BF /* UACreditCell.xib in Resources */ = {isa = PBXBuildFile; fileRef = 129E9A8E1A19519D00EBF8BF /* UACreditCell.xib */; };
		129F4BBE1A6C1F3E00F5420D /* UASuggestionVoteView.swift in Sources */ = {isa = PBXBuildFile; fileRef = 129F4BBD1A6C1F3E00F5420D /* UASuggestionVoteView.swift */; };
		129F4BC31A6C1F6200F5420D /* UASuggestionVoteView.xib in Resources */ = {isa = PBXBuildFile; fileRef = 129F4BC21A6C1F6200F5420D /* UASuggestionVoteView.xib */; };
		129F4BC51A6C3CEC00F5420D /* UASuggestionVoteWithImageView.swift in Sources */ = {isa = PBXBuildFile; fileRef = 129F4BC41A6C3CEC00F5420D /* UASuggestionVoteWithImageView.swift */; };
		129F4BC71A6C3D0800F5420D /* UASuggestionVoteWithImageView.xib in Resources */ = {isa = PBXBuildFile; fileRef = 129F4BC61A6C3D0800F5420D /* UASuggestionVoteWithImageView.xib */; };
		12A172851A1944DA000FAA54 /* UAProject.swift in Sources */ = {isa = PBXBuildFile; fileRef = 12C528A31A0FD9A100B8A50C /* UAProject.swift */; };
		12A172891A19470F000FAA54 /* UACompany.swift in Sources */ = {isa = PBXBuildFile; fileRef = 12A172881A19470F000FAA54 /* UACompany.swift */; };
		12A1728A1A194739000FAA54 /* UACompany.swift in Sources */ = {isa = PBXBuildFile; fileRef = 12A172881A19470F000FAA54 /* UACompany.swift */; };
		12A172A01A19491A000FAA54 /* UACreditViewModel.swift in Sources */ = {isa = PBXBuildFile; fileRef = 12A1729F1A19491A000FAA54 /* UACreditViewModel.swift */; };
		12A328A81A98C95100E25D3A /* InformationTableViewCell.swift in Sources */ = {isa = PBXBuildFile; fileRef = 12A328A71A98C95100E25D3A /* InformationTableViewCell.swift */; };
		12A328AA1A98C96800E25D3A /* InformationTableViewCell.xib in Resources */ = {isa = PBXBuildFile; fileRef = 12A328A91A98C96800E25D3A /* InformationTableViewCell.xib */; };
		12A328AC1A98CE0600E25D3A /* PasswordTableViewCell.swift in Sources */ = {isa = PBXBuildFile; fileRef = 12A328AB1A98CE0600E25D3A /* PasswordTableViewCell.swift */; };
		12A328AE1A98CE1900E25D3A /* PasswordTableViewCell.xib in Resources */ = {isa = PBXBuildFile; fileRef = 12A328AD1A98CE1900E25D3A /* PasswordTableViewCell.xib */; };
		12A328B01A98CE5000E25D3A /* NotificationsTableViewCell.swift in Sources */ = {isa = PBXBuildFile; fileRef = 12A328AF1A98CE5000E25D3A /* NotificationsTableViewCell.swift */; };
		12A328B21A98CE6B00E25D3A /* NotificationsTableViewCell.xib in Resources */ = {isa = PBXBuildFile; fileRef = 12A328B11A98CE6B00E25D3A /* NotificationsTableViewCell.xib */; };
		12A7AB9B1A7E371400D50BE7 /* UAEditorViewController.swift in Sources */ = {isa = PBXBuildFile; fileRef = 12A7AB9A1A7E371400D50BE7 /* UAEditorViewController.swift */; };
		12A7ABA21A7E3C2F00D50BE7 /* UAEditorDelegate.swift in Sources */ = {isa = PBXBuildFile; fileRef = 12A7ABA11A7E3C2F00D50BE7 /* UAEditorDelegate.swift */; };
		12AE1BD21A20880200BFE3D2 /* UASuggestImageCell.swift in Sources */ = {isa = PBXBuildFile; fileRef = 12AE1BD11A20880200BFE3D2 /* UASuggestImageCell.swift */; };
		12AE1BD41A20881400BFE3D2 /* UASuggestImageCell.xib in Resources */ = {isa = PBXBuildFile; fileRef = 12AE1BD31A20881400BFE3D2 /* UASuggestImageCell.xib */; };
		12AE1BD61A209FBE00BFE3D2 /* UACollectionViewCell.swift in Sources */ = {isa = PBXBuildFile; fileRef = 12AE1BD51A209FBE00BFE3D2 /* UACollectionViewCell.swift */; };
		12AE1BD81A209FD600BFE3D2 /* UACollectionViewCell.xib in Resources */ = {isa = PBXBuildFile; fileRef = 12AE1BD71A209FD600BFE3D2 /* UACollectionViewCell.xib */; };
		12B7D4781A6EE75200642D5B /* UACompanyViewController.swift in Sources */ = {isa = PBXBuildFile; fileRef = 12B7D4771A6EE75200642D5B /* UACompanyViewController.swift */; };
		12C33E1D1ABB68EE00ED6ADF /* User.swift in Sources */ = {isa = PBXBuildFile; fileRef = 12C33E1C1ABB68EE00ED6ADF /* User.swift */; };
		12C33E1E1ABB693200ED6ADF /* User.swift in Sources */ = {isa = PBXBuildFile; fileRef = 12C33E1C1ABB68EE00ED6ADF /* User.swift */; };
		12C528A21A0FD74000B8A50C /* UAProjectViewModel.swift in Sources */ = {isa = PBXBuildFile; fileRef = 12C528A11A0FD74000B8A50C /* UAProjectViewModel.swift */; };
		12C528A41A0FD9A100B8A50C /* UAProject.swift in Sources */ = {isa = PBXBuildFile; fileRef = 12C528A31A0FD9A100B8A50C /* UAProject.swift */; };
		12CD63231A5DBE3900E2EDC4 /* UANewsCell.swift in Sources */ = {isa = PBXBuildFile; fileRef = 12CD63221A5DBE3900E2EDC4 /* UANewsCell.swift */; };
		12CD63281A5DBF7700E2EDC4 /* UANewsCell.xib in Resources */ = {isa = PBXBuildFile; fileRef = 12CD63271A5DBF7700E2EDC4 /* UANewsCell.xib */; };
		12CD632A1A5DD37A00E2EDC4 /* UACell.swift in Sources */ = {isa = PBXBuildFile; fileRef = 12CD63291A5DD37A00E2EDC4 /* UACell.swift */; };
		12CD632C1A5DD51400E2EDC4 /* UACellObject.swift in Sources */ = {isa = PBXBuildFile; fileRef = 12CD632B1A5DD51400E2EDC4 /* UACellObject.swift */; };
		12CD632E1A5DDE7200E2EDC4 /* UAProjectNewsCell.swift in Sources */ = {isa = PBXBuildFile; fileRef = 12CD632D1A5DDE7200E2EDC4 /* UAProjectNewsCell.swift */; };
		12CD63301A5DDEA000E2EDC4 /* UAProjectNewsCell.xib in Resources */ = {isa = PBXBuildFile; fileRef = 12CD632F1A5DDEA000E2EDC4 /* UAProjectNewsCell.xib */; };
		12CE5E661B47158B00EC9344 /* TimelineViewModel.swift in Sources */ = {isa = PBXBuildFile; fileRef = 12CE5E651B47158B00EC9344 /* TimelineViewModel.swift */; };
		12D11BF81AD469F000CC19EF /* UIViewExtensions.swift in Sources */ = {isa = PBXBuildFile; fileRef = 12D11BF71AD469F000CC19EF /* UIViewExtensions.swift */; };
		12D74B901A685951006CE23D /* UASuggestionView.swift in Sources */ = {isa = PBXBuildFile; fileRef = 12D74B8F1A685951006CE23D /* UASuggestionView.swift */; };
		12D74B921A6859FA006CE23D /* UASuggestionView.xib in Resources */ = {isa = PBXBuildFile; fileRef = 12D74B911A6859FA006CE23D /* UASuggestionView.xib */; };
		12D8BB181ABA0F5F00E3DC0D /* UnserAller.xcdatamodeld in Sources */ = {isa = PBXBuildFile; fileRef = 12D8BB161ABA0F5F00E3DC0D /* UnserAller.xcdatamodeld */; };
		12DF1F0D1A5C2A19007CA3B5 /* UANewsViewModel.swift in Sources */ = {isa = PBXBuildFile; fileRef = 12DF1F0C1A5C2A19007CA3B5 /* UANewsViewModel.swift */; };
		12DF1F121A5C2ABF007CA3B5 /* UANews.swift in Sources */ = {isa = PBXBuildFile; fileRef = 12DF1F111A5C2ABF007CA3B5 /* UANews.swift */; };
		12EA195D1A1939C000259B68 /* UACreditTests.swift in Sources */ = {isa = PBXBuildFile; fileRef = 12EA195C1A1939C000259B68 /* UACreditTests.swift */; };
		12EA19601A193A7400259B68 /* UACredit.swift in Sources */ = {isa = PBXBuildFile; fileRef = 126CBE2C1A11732300E22070 /* UACredit.swift */; };
		12FCF47A1A11534C008B74AA /* UAProjectCell.swift in Sources */ = {isa = PBXBuildFile; fileRef = 12FCF4791A11534C008B74AA /* UAProjectCell.swift */; };
		12FCF47E1A11536A008B74AA /* UAProjectCell.xib in Resources */ = {isa = PBXBuildFile; fileRef = 12FCF47D1A11536A008B74AA /* UAProjectCell.xib */; };
		B9C8EE660D67D98E2C11647A /* Pods_UnserAller.framework in Frameworks */ = {isa = PBXBuildFile; fileRef = 4C16CA92047E1808F935078E /* Pods_UnserAller.framework */; settings = {ATTRIBUTES = (Weak, ); }; };
		D511715519E034F8007675EE /* MenuTableViewController.swift in Sources */ = {isa = PBXBuildFile; fileRef = D511715419E034F8007675EE /* MenuTableViewController.swift */; };
		D5291667197C210C0038A048 /* LoginViewController.swift in Sources */ = {isa = PBXBuildFile; fileRef = D5291666197C210C0038A048 /* LoginViewController.swift */; };
		D529166B197C2B5C0038A048 /* UAUser.swift in Sources */ = {isa = PBXBuildFile; fileRef = D529166A197C2B5C0038A048 /* UAUser.swift */; };
		D52FF94419E321F8006139E2 /* UASuggestionViewModel.swift in Sources */ = {isa = PBXBuildFile; fileRef = D52FF94319E321F8006139E2 /* UASuggestionViewModel.swift */; };
		D52FF94619E3229F006139E2 /* UASuggestion.swift in Sources */ = {isa = PBXBuildFile; fileRef = D52FF94519E3229F006139E2 /* UASuggestion.swift */; };
		D56C462219E04DDE0059735A /* Images.xcassets in Resources */ = {isa = PBXBuildFile; fileRef = D581228E197C08B600E3573C /* Images.xcassets */; };
		D56C462419E04DFC0059735A /* Media.xcassets in Resources */ = {isa = PBXBuildFile; fileRef = D56C462319E04DFC0059735A /* Media.xcassets */; };
		D5812288197C08B600E3573C /* AppDelegate.swift in Sources */ = {isa = PBXBuildFile; fileRef = D5812287197C08B600E3573C /* AppDelegate.swift */; };
		D581228A197C08B600E3573C /* InitViewController.swift in Sources */ = {isa = PBXBuildFile; fileRef = D5812289197C08B600E3573C /* InitViewController.swift */; };
		D581228D197C08B600E3573C /* Main.storyboard in Resources */ = {isa = PBXBuildFile; fileRef = D581228B197C08B600E3573C /* Main.storyboard */; };
		D581229B197C08B600E3573C /* UnserAllerTests.swift in Sources */ = {isa = PBXBuildFile; fileRef = D581229A197C08B600E3573C /* UnserAllerTests.swift */; };
		D584D596197C47E000E1CAB3 /* HomeViewController.swift in Sources */ = {isa = PBXBuildFile; fileRef = D584D595197C47E000E1CAB3 /* HomeViewController.swift */; };
		D5974E6D1A102A2A00BE93EE /* UAUser.swift in Sources */ = {isa = PBXBuildFile; fileRef = D529166A197C2B5C0038A048 /* UAUser.swift */; };
		D59780CD1A2B799600CEC181 /* ProjectViewController.swift in Sources */ = {isa = PBXBuildFile; fileRef = D59780CC1A2B799600CEC181 /* ProjectViewController.swift */; };
		D59780D31A2B917F00CEC181 /* UAPhaseCell.swift in Sources */ = {isa = PBXBuildFile; fileRef = D59780D21A2B917F00CEC181 /* UAPhaseCell.swift */; };
		D59780D51A2B919300CEC181 /* UAPhaseCell.xib in Resources */ = {isa = PBXBuildFile; fileRef = D59780D41A2B919300CEC181 /* UAPhaseCell.xib */; };
		D59780D71A2B94CE00CEC181 /* UAPhase.swift in Sources */ = {isa = PBXBuildFile; fileRef = D59780D61A2B94CE00CEC181 /* UAPhase.swift */; };
		D5A3ABDC19E5D3D100B71CC7 /* UAMedia.swift in Sources */ = {isa = PBXBuildFile; fileRef = D5A3ABDB19E5D3D100B71CC7 /* UAMedia.swift */; };
		D5C506811A2D0BBB00834A2F /* UIImage+Tint.swift in Sources */ = {isa = PBXBuildFile; fileRef = D5C506801A2D0BBB00834A2F /* UIImage+Tint.swift */; };
		D5D9E65C19E15A2500537FBD /* Keychain.swift in Sources */ = {isa = PBXBuildFile; fileRef = D5D9E65B19E15A2500537FBD /* Keychain.swift */; };
		D5EFD6271AE5986B0018CE33 /* AddressTableViewCell.swift in Sources */ = {isa = PBXBuildFile; fileRef = D5EFD6261AE5986B0018CE33 /* AddressTableViewCell.swift */; };
		D5EFD62A1AE598830018CE33 /* AddressTableViewCell.xib in Resources */ = {isa = PBXBuildFile; fileRef = D5EFD6291AE598830018CE33 /* AddressTableViewCell.xib */; };
		D5FE701E19E6F22F00582B84 /* UACellViewModel.swift in Sources */ = {isa = PBXBuildFile; fileRef = D5FE701D19E6F22F00582B84 /* UACellViewModel.swift */; };
		D5FE702219E6F33600582B84 /* UASuggestCell.xib in Resources */ = {isa = PBXBuildFile; fileRef = D5FE702119E6F33600582B84 /* UASuggestCell.xib */; };
		D5FE702419E6FA6300582B84 /* UASuggestionCell.swift in Sources */ = {isa = PBXBuildFile; fileRef = D5FE702319E6FA6300582B84 /* UASuggestionCell.swift */; };
/* End PBXBuildFile section */

/* Begin PBXContainerItemProxy section */
		D5812295197C08B600E3573C /* PBXContainerItemProxy */ = {
			isa = PBXContainerItemProxy;
			containerPortal = D581227A197C08B600E3573C /* Project object */;
			proxyType = 1;
			remoteGlobalIDString = D5812281197C08B600E3573C;
			remoteInfo = UnserAller;
		};
/* End PBXContainerItemProxy section */

/* Begin PBXCopyFilesBuildPhase section */
		D511716B19E03DCD007675EE /* Copy Frameworks */ = {
			isa = PBXCopyFilesBuildPhase;
			buildActionMask = 2147483647;
			dstPath = "";
			dstSubfolderSpec = 10;
			files = (
			);
			name = "Copy Frameworks";
			runOnlyForDeploymentPostprocessing = 0;
		};
/* End PBXCopyFilesBuildPhase section */

/* Begin PBXFileReference section */
		120803781A6BAEB100CD19E8 /* UACommentWithImageCell.swift */ = {isa = PBXFileReference; fileEncoding = 4; lastKnownFileType = sourcecode.swift; name = UACommentWithImageCell.swift; path = Views/CellsWithImages/UACommentWithImageCell.swift; sourceTree = "<group>"; };
		1208037D1A6BAECE00CD19E8 /* UACommentWithImageCell.xib */ = {isa = PBXFileReference; fileEncoding = 4; lastKnownFileType = file.xib; name = UACommentWithImageCell.xib; path = Views/CellsWithImages/UACommentWithImageCell.xib; sourceTree = "<group>"; };
		1208037F1A6BBA0E00CD19E8 /* UASuggestionWithImageView.swift */ = {isa = PBXFileReference; fileEncoding = 4; lastKnownFileType = sourcecode.swift; name = UASuggestionWithImageView.swift; path = Views/Views/UASuggestionWithImageView.swift; sourceTree = "<group>"; };
		120803811A6BBA3900CD19E8 /* UASuggestionWithImageView.xib */ = {isa = PBXFileReference; fileEncoding = 4; lastKnownFileType = file.xib; name = UASuggestionWithImageView.xib; path = Views/Views/UASuggestionWithImageView.xib; sourceTree = "<group>"; };
		1216C0D51A85800A0057FF86 /* RegistrationViewController.swift */ = {isa = PBXFileReference; fileEncoding = 4; lastKnownFileType = sourcecode.swift; name = RegistrationViewController.swift; path = ViewControllers/RegistrationViewController.swift; sourceTree = "<group>"; };
		1216E5C61B1B401E004D8F22 /* UIViewControllerWithMedia.swift */ = {isa = PBXFileReference; fileEncoding = 4; lastKnownFileType = sourcecode.swift; name = UIViewControllerWithMedia.swift; path = ViewControllers/UIViewControllerWithMedia.swift; sourceTree = "<group>"; };
		1216E5C81B1B4182004D8F22 /* StringExtensions.swift */ = {isa = PBXFileReference; fileEncoding = 4; lastKnownFileType = sourcecode.swift; path = StringExtensions.swift; sourceTree = "<group>"; };
		1216E5CA1B1B444B004D8F22 /* NSDateExtensions.swift */ = {isa = PBXFileReference; fileEncoding = 4; lastKnownFileType = sourcecode.swift; path = NSDateExtensions.swift; sourceTree = "<group>"; };
		1229AAC41A0EDD5A002887E6 /* UserTests.swift */ = {isa = PBXFileReference; fileEncoding = 4; lastKnownFileType = sourcecode.swift; path = UserTests.swift; sourceTree = "<group>"; };
		123986971B20BD3A002EB6D7 /* NewsViewController.swift */ = {isa = PBXFileReference; fileEncoding = 4; lastKnownFileType = sourcecode.swift; name = NewsViewController.swift; path = ViewControllers/NewsViewController.swift; sourceTree = "<group>"; };
		1241E3DC1A646E240068678D /* UASuggestionVoteImageCell.swift */ = {isa = PBXFileReference; fileEncoding = 4; lastKnownFileType = sourcecode.swift; name = UASuggestionVoteImageCell.swift; path = Views/CellsWithImages/UASuggestionVoteImageCell.swift; sourceTree = "<group>"; };
		1241E3E11A646E460068678D /* UASuggestionVoteImageCell.xib */ = {isa = PBXFileReference; fileEncoding = 4; lastKnownFileType = file.xib; name = UASuggestionVoteImageCell.xib; path = Views/CellsWithImages/UASuggestionVoteImageCell.xib; sourceTree = "<group>"; };
		124331F81A6703F500B7190A /* UASuggestionViewController.swift */ = {isa = PBXFileReference; fileEncoding = 4; lastKnownFileType = sourcecode.swift; name = UASuggestionViewController.swift; path = ViewControllers/UASuggestionViewController.swift; sourceTree = "<group>"; };
		124F8C1D1A1A8F2B000A5812 /* SettingsViewController.swift */ = {isa = PBXFileReference; fileEncoding = 4; lastKnownFileType = sourcecode.swift; name = SettingsViewController.swift; path = ViewControllers/SettingsViewController.swift; sourceTree = "<group>"; };
		124F8C211A1A94E7000A5812 /* ActivityViewController.swift */ = {isa = PBXFileReference; fileEncoding = 4; lastKnownFileType = sourcecode.swift; name = ActivityViewController.swift; path = ViewControllers/ActivityViewController.swift; sourceTree = "<group>"; };
		12608E481B1E5140007BBEAE /* UACellSuggest.swift */ = {isa = PBXFileReference; fileEncoding = 4; lastKnownFileType = sourcecode.swift; name = UACellSuggest.swift; path = Views/Cells/UACellSuggest.swift; sourceTree = "<group>"; };
		12620B5C1A6182A800C54124 /* FloatRatingView.swift */ = {isa = PBXFileReference; fileEncoding = 4; lastKnownFileType = sourcecode.swift; path = FloatRatingView.swift; sourceTree = "<group>"; };
		126CBE221A115A9200E22070 /* BookmarksViewController.swift */ = {isa = PBXFileReference; fileEncoding = 4; lastKnownFileType = sourcecode.swift; name = BookmarksViewController.swift; path = ViewControllers/BookmarksViewController.swift; sourceTree = "<group>"; };
		126CBE261A1160E500E22070 /* UABookmarkCell.swift */ = {isa = PBXFileReference; fileEncoding = 4; lastKnownFileType = sourcecode.swift; name = UABookmarkCell.swift; path = Views/Cells/UABookmarkCell.swift; sourceTree = "<group>"; };
		126CBE281A1160FF00E22070 /* UABookmarkCell.xib */ = {isa = PBXFileReference; fileEncoding = 4; lastKnownFileType = file.xib; path = UABookmarkCell.xib; sourceTree = "<group>"; };
		126CBE2A1A116D2700E22070 /* CreditsViewController.swift */ = {isa = PBXFileReference; fileEncoding = 4; lastKnownFileType = sourcecode.swift; name = CreditsViewController.swift; path = ViewControllers/CreditsViewController.swift; sourceTree = "<group>"; };
		126CBE2C1A11732300E22070 /* UACredit.swift */ = {isa = PBXFileReference; fileEncoding = 4; lastKnownFileType = sourcecode.swift; path = UACredit.swift; sourceTree = "<group>"; };
		1270B5821A6B166100D041B9 /* UACommentViewModel.swift */ = {isa = PBXFileReference; fileEncoding = 4; lastKnownFileType = sourcecode.swift; name = UACommentViewModel.swift; path = ViewModels/UACommentViewModel.swift; sourceTree = "<group>"; };
		1270B5871A6B16D400D041B9 /* UAComment.swift */ = {isa = PBXFileReference; fileEncoding = 4; lastKnownFileType = sourcecode.swift; name = UAComment.swift; path = Models/UAComment.swift; sourceTree = "<group>"; };
		127665711A6B9D9600E87A0E /* UACommentCell.swift */ = {isa = PBXFileReference; fileEncoding = 4; lastKnownFileType = sourcecode.swift; name = UACommentCell.swift; path = Views/Cells/UACommentCell.swift; sourceTree = "<group>"; };
		127665731A6B9E1700E87A0E /* UACommentCell.xib */ = {isa = PBXFileReference; fileEncoding = 4; lastKnownFileType = file.xib; name = UACommentCell.xib; path = Views/Cells/UACommentCell.xib; sourceTree = "<group>"; };
		1294A16E1A0FBB9B00E45596 /* ProjectsViewController.swift */ = {isa = PBXFileReference; fileEncoding = 4; lastKnownFileType = sourcecode.swift; name = ProjectsViewController.swift; path = ViewControllers/ProjectsViewController.swift; sourceTree = "<group>"; };
		129837E71A69BB3E00087E5F /* UASuggestionHeaderView.swift */ = {isa = PBXFileReference; fileEncoding = 4; lastKnownFileType = sourcecode.swift; name = UASuggestionHeaderView.swift; path = Views/Views/UASuggestionHeaderView.swift; sourceTree = "<group>"; };
		129CD12E1A613E0F00434D67 /* UASuggestionVoteCell.swift */ = {isa = PBXFileReference; fileEncoding = 4; lastKnownFileType = sourcecode.swift; name = UASuggestionVoteCell.swift; path = Views/Cells/UASuggestionVoteCell.swift; sourceTree = "<group>"; };
		129CD1331A613E1E00434D67 /* UASuggestionVoteCell.xib */ = {isa = PBXFileReference; fileEncoding = 4; lastKnownFileType = file.xib; name = UASuggestionVoteCell.xib; path = Views/Cells/UASuggestionVoteCell.xib; sourceTree = "<group>"; };
		129CD1351A6140D400434D67 /* UALabel.swift */ = {isa = PBXFileReference; fileEncoding = 4; lastKnownFileType = sourcecode.swift; path = UALabel.swift; sourceTree = "<group>"; };
		129E9A8A1A19518F00EBF8BF /* UACreditCell.swift */ = {isa = PBXFileReference; fileEncoding = 4; lastKnownFileType = sourcecode.swift; name = UACreditCell.swift; path = Views/Cells/UACreditCell.swift; sourceTree = "<group>"; };
		129E9A8E1A19519D00EBF8BF /* UACreditCell.xib */ = {isa = PBXFileReference; fileEncoding = 4; lastKnownFileType = file.xib; path = UACreditCell.xib; sourceTree = "<group>"; };
		129F4BBD1A6C1F3E00F5420D /* UASuggestionVoteView.swift */ = {isa = PBXFileReference; fileEncoding = 4; lastKnownFileType = sourcecode.swift; name = UASuggestionVoteView.swift; path = Views/Views/UASuggestionVoteView.swift; sourceTree = "<group>"; };
		129F4BC21A6C1F6200F5420D /* UASuggestionVoteView.xib */ = {isa = PBXFileReference; fileEncoding = 4; lastKnownFileType = file.xib; name = UASuggestionVoteView.xib; path = Views/Views/UASuggestionVoteView.xib; sourceTree = "<group>"; };
		129F4BC41A6C3CEC00F5420D /* UASuggestionVoteWithImageView.swift */ = {isa = PBXFileReference; fileEncoding = 4; lastKnownFileType = sourcecode.swift; name = UASuggestionVoteWithImageView.swift; path = Views/Views/UASuggestionVoteWithImageView.swift; sourceTree = "<group>"; };
		129F4BC61A6C3D0800F5420D /* UASuggestionVoteWithImageView.xib */ = {isa = PBXFileReference; fileEncoding = 4; lastKnownFileType = file.xib; name = UASuggestionVoteWithImageView.xib; path = Views/Views/UASuggestionVoteWithImageView.xib; sourceTree = "<group>"; };
		12A172881A19470F000FAA54 /* UACompany.swift */ = {isa = PBXFileReference; fileEncoding = 4; lastKnownFileType = sourcecode.swift; path = UACompany.swift; sourceTree = "<group>"; };
		12A1729F1A19491A000FAA54 /* UACreditViewModel.swift */ = {isa = PBXFileReference; fileEncoding = 4; lastKnownFileType = sourcecode.swift; path = UACreditViewModel.swift; sourceTree = "<group>"; };
		12A328A71A98C95100E25D3A /* InformationTableViewCell.swift */ = {isa = PBXFileReference; fileEncoding = 4; lastKnownFileType = sourcecode.swift; name = InformationTableViewCell.swift; path = Views/Cells/Settings/InformationTableViewCell.swift; sourceTree = "<group>"; };
		12A328A91A98C96800E25D3A /* InformationTableViewCell.xib */ = {isa = PBXFileReference; fileEncoding = 4; lastKnownFileType = file.xib; name = InformationTableViewCell.xib; path = Views/Cells/Settings/InformationTableViewCell.xib; sourceTree = "<group>"; };
		12A328AB1A98CE0600E25D3A /* PasswordTableViewCell.swift */ = {isa = PBXFileReference; fileEncoding = 4; lastKnownFileType = sourcecode.swift; name = PasswordTableViewCell.swift; path = Views/Cells/Settings/PasswordTableViewCell.swift; sourceTree = "<group>"; };
		12A328AD1A98CE1900E25D3A /* PasswordTableViewCell.xib */ = {isa = PBXFileReference; fileEncoding = 4; lastKnownFileType = file.xib; name = PasswordTableViewCell.xib; path = Views/Cells/Settings/PasswordTableViewCell.xib; sourceTree = "<group>"; };
		12A328AF1A98CE5000E25D3A /* NotificationsTableViewCell.swift */ = {isa = PBXFileReference; fileEncoding = 4; lastKnownFileType = sourcecode.swift; name = NotificationsTableViewCell.swift; path = Views/Cells/Settings/NotificationsTableViewCell.swift; sourceTree = "<group>"; };
		12A328B11A98CE6B00E25D3A /* NotificationsTableViewCell.xib */ = {isa = PBXFileReference; fileEncoding = 4; lastKnownFileType = file.xib; name = NotificationsTableViewCell.xib; path = Views/Cells/Settings/NotificationsTableViewCell.xib; sourceTree = "<group>"; };
		12A7AB9A1A7E371400D50BE7 /* UAEditorViewController.swift */ = {isa = PBXFileReference; fileEncoding = 4; lastKnownFileType = sourcecode.swift; name = UAEditorViewController.swift; path = ViewControllers/UAEditorViewController.swift; sourceTree = "<group>"; };
		12A7ABA11A7E3C2F00D50BE7 /* UAEditorDelegate.swift */ = {isa = PBXFileReference; fileEncoding = 4; lastKnownFileType = sourcecode.swift; name = UAEditorDelegate.swift; path = Delegates/UAEditorDelegate.swift; sourceTree = "<group>"; };
		12AE1BD11A20880200BFE3D2 /* UASuggestImageCell.swift */ = {isa = PBXFileReference; fileEncoding = 4; lastKnownFileType = sourcecode.swift; name = UASuggestImageCell.swift; path = Views/CellsWithImages/UASuggestImageCell.swift; sourceTree = "<group>"; };
		12AE1BD31A20881400BFE3D2 /* UASuggestImageCell.xib */ = {isa = PBXFileReference; fileEncoding = 4; lastKnownFileType = file.xib; path = UASuggestImageCell.xib; sourceTree = "<group>"; };
		12AE1BD51A209FBE00BFE3D2 /* UACollectionViewCell.swift */ = {isa = PBXFileReference; fileEncoding = 4; lastKnownFileType = sourcecode.swift; name = UACollectionViewCell.swift; path = Views/Cells/UACollectionViewCell.swift; sourceTree = "<group>"; };
		12AE1BD71A209FD600BFE3D2 /* UACollectionViewCell.xib */ = {isa = PBXFileReference; fileEncoding = 4; lastKnownFileType = file.xib; path = UACollectionViewCell.xib; sourceTree = "<group>"; };
		12B7D4771A6EE75200642D5B /* UACompanyViewController.swift */ = {isa = PBXFileReference; fileEncoding = 4; lastKnownFileType = sourcecode.swift; name = UACompanyViewController.swift; path = ViewControllers/UACompanyViewController.swift; sourceTree = "<group>"; };
		12C33E1C1ABB68EE00ED6ADF /* User.swift */ = {isa = PBXFileReference; fileEncoding = 4; lastKnownFileType = sourcecode.swift; name = User.swift; path = Models/DB/User.swift; sourceTree = "<group>"; };
		12C528A11A0FD74000B8A50C /* UAProjectViewModel.swift */ = {isa = PBXFileReference; fileEncoding = 4; lastKnownFileType = sourcecode.swift; name = UAProjectViewModel.swift; path = ViewModels/UAProjectViewModel.swift; sourceTree = "<group>"; };
		12C528A31A0FD9A100B8A50C /* UAProject.swift */ = {isa = PBXFileReference; fileEncoding = 4; lastKnownFileType = sourcecode.swift; path = UAProject.swift; sourceTree = "<group>"; };
		12CD63221A5DBE3900E2EDC4 /* UANewsCell.swift */ = {isa = PBXFileReference; fileEncoding = 4; lastKnownFileType = sourcecode.swift; name = UANewsCell.swift; path = Views/Cells/UANewsCell.swift; sourceTree = "<group>"; };
		12CD63271A5DBF7700E2EDC4 /* UANewsCell.xib */ = {isa = PBXFileReference; fileEncoding = 4; lastKnownFileType = file.xib; name = UANewsCell.xib; path = Views/Cells/UANewsCell.xib; sourceTree = "<group>"; };
		12CD63291A5DD37A00E2EDC4 /* UACell.swift */ = {isa = PBXFileReference; fileEncoding = 4; lastKnownFileType = sourcecode.swift; name = UACell.swift; path = Views/Cells/UACell.swift; sourceTree = "<group>"; };
		12CD632B1A5DD51400E2EDC4 /* UACellObject.swift */ = {isa = PBXFileReference; fileEncoding = 4; lastKnownFileType = sourcecode.swift; name = UACellObject.swift; path = Models/UACellObject.swift; sourceTree = "<group>"; };
		12CD632D1A5DDE7200E2EDC4 /* UAProjectNewsCell.swift */ = {isa = PBXFileReference; fileEncoding = 4; lastKnownFileType = sourcecode.swift; name = UAProjectNewsCell.swift; path = Views/Cells/UAProjectNewsCell.swift; sourceTree = "<group>"; };
		12CD632F1A5DDEA000E2EDC4 /* UAProjectNewsCell.xib */ = {isa = PBXFileReference; fileEncoding = 4; lastKnownFileType = file.xib; name = UAProjectNewsCell.xib; path = Views/Cells/UAProjectNewsCell.xib; sourceTree = "<group>"; };
		12CE5E651B47158B00EC9344 /* TimelineViewModel.swift */ = {isa = PBXFileReference; fileEncoding = 4; lastKnownFileType = sourcecode.swift; name = TimelineViewModel.swift; path = ViewModels/TimelineViewModel.swift; sourceTree = "<group>"; };
		12D11BF71AD469F000CC19EF /* UIViewExtensions.swift */ = {isa = PBXFileReference; fileEncoding = 4; lastKnownFileType = sourcecode.swift; path = UIViewExtensions.swift; sourceTree = "<group>"; };
		12D74B8F1A685951006CE23D /* UASuggestionView.swift */ = {isa = PBXFileReference; fileEncoding = 4; lastKnownFileType = sourcecode.swift; name = UASuggestionView.swift; path = Views/Views/UASuggestionView.swift; sourceTree = "<group>"; };
		12D74B911A6859FA006CE23D /* UASuggestionView.xib */ = {isa = PBXFileReference; fileEncoding = 4; lastKnownFileType = file.xib; name = UASuggestionView.xib; path = Views/Views/UASuggestionView.xib; sourceTree = "<group>"; };
		12D8BB171ABA0F5F00E3DC0D /* UnserAller.xcdatamodel */ = {isa = PBXFileReference; lastKnownFileType = wrapper.xcdatamodel; path = UnserAller.xcdatamodel; sourceTree = "<group>"; };
		12DF1F0C1A5C2A19007CA3B5 /* UANewsViewModel.swift */ = {isa = PBXFileReference; fileEncoding = 4; lastKnownFileType = sourcecode.swift; name = UANewsViewModel.swift; path = ViewModels/UANewsViewModel.swift; sourceTree = "<group>"; };
		12DF1F111A5C2ABF007CA3B5 /* UANews.swift */ = {isa = PBXFileReference; fileEncoding = 4; lastKnownFileType = sourcecode.swift; name = UANews.swift; path = Models/UANews.swift; sourceTree = "<group>"; };
		12EA195C1A1939C000259B68 /* UACreditTests.swift */ = {isa = PBXFileReference; fileEncoding = 4; lastKnownFileType = sourcecode.swift; path = UACreditTests.swift; sourceTree = "<group>"; };
		12FCF4791A11534C008B74AA /* UAProjectCell.swift */ = {isa = PBXFileReference; fileEncoding = 4; lastKnownFileType = sourcecode.swift; name = UAProjectCell.swift; path = Views/Cells/UAProjectCell.swift; sourceTree = "<group>"; };
		12FCF47D1A11536A008B74AA /* UAProjectCell.xib */ = {isa = PBXFileReference; fileEncoding = 4; lastKnownFileType = file.xib; path = UAProjectCell.xib; sourceTree = "<group>"; };
		27E6671B6F84DE2C3BD2E972 /* Pods-UnserAllerTests.release.xcconfig */ = {isa = PBXFileReference; includeInIndex = 1; lastKnownFileType = text.xcconfig; name = "Pods-UnserAllerTests.release.xcconfig"; path = "Pods/Target Support Files/Pods-UnserAllerTests/Pods-UnserAllerTests.release.xcconfig"; sourceTree = "<group>"; };
		3E90463A3D0C4D70295DD36B /* Pods-UnserAller.debug.xcconfig */ = {isa = PBXFileReference; includeInIndex = 1; lastKnownFileType = text.xcconfig; name = "Pods-UnserAller.debug.xcconfig"; path = "Pods/Target Support Files/Pods-UnserAller/Pods-UnserAller.debug.xcconfig"; sourceTree = "<group>"; };
		4C16CA92047E1808F935078E /* Pods_UnserAller.framework */ = {isa = PBXFileReference; explicitFileType = wrapper.framework; includeInIndex = 0; path = Pods_UnserAller.framework; sourceTree = BUILT_PRODUCTS_DIR; };
		620383539B4A09B42CE2F492 /* Pods-UnserAller.release.xcconfig */ = {isa = PBXFileReference; includeInIndex = 1; lastKnownFileType = text.xcconfig; name = "Pods-UnserAller.release.xcconfig"; path = "Pods/Target Support Files/Pods-UnserAller/Pods-UnserAller.release.xcconfig"; sourceTree = "<group>"; };
		B457EDF9060C328466BDFAD3 /* Pods_UnserAllerTests.framework */ = {isa = PBXFileReference; explicitFileType = wrapper.framework; includeInIndex = 0; path = Pods_UnserAllerTests.framework; sourceTree = BUILT_PRODUCTS_DIR; };
		D511715419E034F8007675EE /* MenuTableViewController.swift */ = {isa = PBXFileReference; fileEncoding = 4; lastKnownFileType = sourcecode.swift; path = MenuTableViewController.swift; sourceTree = "<group>"; };
		D5291666197C210C0038A048 /* LoginViewController.swift */ = {isa = PBXFileReference; fileEncoding = 4; lastKnownFileType = sourcecode.swift; name = LoginViewController.swift; path = ViewControllers/LoginViewController.swift; sourceTree = "<group>"; };
		D529166A197C2B5C0038A048 /* UAUser.swift */ = {isa = PBXFileReference; fileEncoding = 4; lastKnownFileType = sourcecode.swift; name = UAUser.swift; path = Models/UAUser.swift; sourceTree = "<group>"; };
		D52FF94319E321F8006139E2 /* UASuggestionViewModel.swift */ = {isa = PBXFileReference; fileEncoding = 4; lastKnownFileType = sourcecode.swift; path = UASuggestionViewModel.swift; sourceTree = "<group>"; };
		D52FF94519E3229F006139E2 /* UASuggestion.swift */ = {isa = PBXFileReference; fileEncoding = 4; lastKnownFileType = sourcecode.swift; path = UASuggestion.swift; sourceTree = "<group>"; };
		D56C462319E04DFC0059735A /* Media.xcassets */ = {isa = PBXFileReference; lastKnownFileType = folder.assetcatalog; name = Media.xcassets; path = ../Media.xcassets; sourceTree = "<group>"; };
		D5812282197C08B600E3573C /* UnserAller.app */ = {isa = PBXFileReference; explicitFileType = wrapper.application; includeInIndex = 0; path = UnserAller.app; sourceTree = BUILT_PRODUCTS_DIR; };
		D5812286197C08B600E3573C /* Info.plist */ = {isa = PBXFileReference; lastKnownFileType = text.plist.xml; path = Info.plist; sourceTree = "<group>"; };
		D5812287197C08B600E3573C /* AppDelegate.swift */ = {isa = PBXFileReference; lastKnownFileType = sourcecode.swift; path = AppDelegate.swift; sourceTree = "<group>"; };
		D5812289197C08B600E3573C /* InitViewController.swift */ = {isa = PBXFileReference; lastKnownFileType = sourcecode.swift; path = InitViewController.swift; sourceTree = "<group>"; };
		D581228C197C08B600E3573C /* Base */ = {isa = PBXFileReference; lastKnownFileType = file.storyboard; name = Base; path = Base.lproj/Main.storyboard; sourceTree = "<group>"; };
		D581228E197C08B600E3573C /* Images.xcassets */ = {isa = PBXFileReference; lastKnownFileType = folder.assetcatalog; path = Images.xcassets; sourceTree = "<group>"; };
		D5812294197C08B600E3573C /* UnserAllerTests.xctest */ = {isa = PBXFileReference; explicitFileType = wrapper.cfbundle; includeInIndex = 0; path = UnserAllerTests.xctest; sourceTree = BUILT_PRODUCTS_DIR; };
		D5812299197C08B600E3573C /* Info.plist */ = {isa = PBXFileReference; lastKnownFileType = text.plist.xml; path = Info.plist; sourceTree = "<group>"; };
		D581229A197C08B600E3573C /* UnserAllerTests.swift */ = {isa = PBXFileReference; lastKnownFileType = sourcecode.swift; path = UnserAllerTests.swift; sourceTree = "<group>"; };
		D584D595197C47E000E1CAB3 /* HomeViewController.swift */ = {isa = PBXFileReference; fileEncoding = 4; lastKnownFileType = sourcecode.swift; name = HomeViewController.swift; path = ViewControllers/HomeViewController.swift; sourceTree = "<group>"; };
		D59780CC1A2B799600CEC181 /* ProjectViewController.swift */ = {isa = PBXFileReference; fileEncoding = 4; lastKnownFileType = sourcecode.swift; name = ProjectViewController.swift; path = ViewControllers/ProjectViewController.swift; sourceTree = "<group>"; };
		D59780D21A2B917F00CEC181 /* UAPhaseCell.swift */ = {isa = PBXFileReference; fileEncoding = 4; lastKnownFileType = sourcecode.swift; name = UAPhaseCell.swift; path = Views/CollectionCells/UAPhaseCell.swift; sourceTree = "<group>"; };
		D59780D41A2B919300CEC181 /* UAPhaseCell.xib */ = {isa = PBXFileReference; fileEncoding = 4; lastKnownFileType = file.xib; name = UAPhaseCell.xib; path = Views/CollectionCells/UAPhaseCell.xib; sourceTree = "<group>"; };
		D59780D61A2B94CE00CEC181 /* UAPhase.swift */ = {isa = PBXFileReference; fileEncoding = 4; lastKnownFileType = sourcecode.swift; name = UAPhase.swift; path = Models/UAPhase.swift; sourceTree = "<group>"; };
		D5A3ABDB19E5D3D100B71CC7 /* UAMedia.swift */ = {isa = PBXFileReference; fileEncoding = 4; lastKnownFileType = sourcecode.swift; path = UAMedia.swift; sourceTree = "<group>"; };
		D5A6A5C1197C0C1C0024903D /* UnserAller-Bridging-Header.h */ = {isa = PBXFileReference; lastKnownFileType = sourcecode.c.h; path = "UnserAller-Bridging-Header.h"; sourceTree = "<group>"; };
		D5C506801A2D0BBB00834A2F /* UIImage+Tint.swift */ = {isa = PBXFileReference; fileEncoding = 4; lastKnownFileType = sourcecode.swift; path = "UIImage+Tint.swift"; sourceTree = "<group>"; };
		D5D9E65B19E15A2500537FBD /* Keychain.swift */ = {isa = PBXFileReference; fileEncoding = 4; lastKnownFileType = sourcecode.swift; path = Keychain.swift; sourceTree = "<group>"; };
		D5EFD6261AE5986B0018CE33 /* AddressTableViewCell.swift */ = {isa = PBXFileReference; fileEncoding = 4; lastKnownFileType = sourcecode.swift; name = AddressTableViewCell.swift; path = Views/Cells/Settings/AddressTableViewCell.swift; sourceTree = "<group>"; };
		D5EFD6291AE598830018CE33 /* AddressTableViewCell.xib */ = {isa = PBXFileReference; fileEncoding = 4; lastKnownFileType = file.xib; name = AddressTableViewCell.xib; path = Views/Cells/Settings/AddressTableViewCell.xib; sourceTree = "<group>"; };
		D5FE701D19E6F22F00582B84 /* UACellViewModel.swift */ = {isa = PBXFileReference; fileEncoding = 4; lastKnownFileType = sourcecode.swift; path = UACellViewModel.swift; sourceTree = "<group>"; };
		D5FE702119E6F33600582B84 /* UASuggestCell.xib */ = {isa = PBXFileReference; fileEncoding = 4; lastKnownFileType = file.xib; path = UASuggestCell.xib; sourceTree = "<group>"; };
		D5FE702319E6FA6300582B84 /* UASuggestionCell.swift */ = {isa = PBXFileReference; fileEncoding = 4; lastKnownFileType = sourcecode.swift; name = UASuggestionCell.swift; path = Views/Cells/UASuggestionCell.swift; sourceTree = "<group>"; };
		FE6DB202492C1C28FAFCBD78 /* Pods-UnserAllerTests.debug.xcconfig */ = {isa = PBXFileReference; includeInIndex = 1; lastKnownFileType = text.xcconfig; name = "Pods-UnserAllerTests.debug.xcconfig"; path = "Pods/Target Support Files/Pods-UnserAllerTests/Pods-UnserAllerTests.debug.xcconfig"; sourceTree = "<group>"; };
/* End PBXFileReference section */

/* Begin PBXFrameworksBuildPhase section */
		D581227F197C08B600E3573C /* Frameworks */ = {
			isa = PBXFrameworksBuildPhase;
			buildActionMask = 2147483647;
			files = (
				B9C8EE660D67D98E2C11647A /* Pods_UnserAller.framework in Frameworks */,
			);
			runOnlyForDeploymentPostprocessing = 0;
		};
		D5812291197C08B600E3573C /* Frameworks */ = {
			isa = PBXFrameworksBuildPhase;
			buildActionMask = 2147483647;
			files = (
				09FE127DB6A67DA54F9E34BB /* Pods_UnserAllerTests.framework in Frameworks */,
			);
			runOnlyForDeploymentPostprocessing = 0;
		};
/* End PBXFrameworksBuildPhase section */

/* Begin PBXGroup section */
		12A328A61A98C92100E25D3A /* Settings */ = {
			isa = PBXGroup;
			children = (
				12A328A71A98C95100E25D3A /* InformationTableViewCell.swift */,
				12A328A91A98C96800E25D3A /* InformationTableViewCell.xib */,
				12A328AB1A98CE0600E25D3A /* PasswordTableViewCell.swift */,
				12A328AD1A98CE1900E25D3A /* PasswordTableViewCell.xib */,
				12A328AF1A98CE5000E25D3A /* NotificationsTableViewCell.swift */,
				12A328B11A98CE6B00E25D3A /* NotificationsTableViewCell.xib */,
				D5EFD6261AE5986B0018CE33 /* AddressTableViewCell.swift */,
				D5EFD6291AE598830018CE33 /* AddressTableViewCell.xib */,
			);
			name = Settings;
			sourceTree = "<group>";
		};
		12A7ABA01A7E3BEA00D50BE7 /* Delegates */ = {
			isa = PBXGroup;
			children = (
				12A7ABA11A7E3C2F00D50BE7 /* UAEditorDelegate.swift */,
			);
			name = Delegates;
			sourceTree = "<group>";
		};
		12C33E071ABB5F9F00ED6ADF /* DB */ = {
			isa = PBXGroup;
			children = (
				12C33E1C1ABB68EE00ED6ADF /* User.swift */,
			);
			name = DB;
			sourceTree = "<group>";
		};
		12D74B8B1A685921006CE23D /* Views */ = {
			isa = PBXGroup;
			children = (
				129837E71A69BB3E00087E5F /* UASuggestionHeaderView.swift */,
				12D74B8F1A685951006CE23D /* UASuggestionView.swift */,
				12D74B911A6859FA006CE23D /* UASuggestionView.xib */,
				1208037F1A6BBA0E00CD19E8 /* UASuggestionWithImageView.swift */,
				120803811A6BBA3900CD19E8 /* UASuggestionWithImageView.xib */,
				129F4BBD1A6C1F3E00F5420D /* UASuggestionVoteView.swift */,
				129F4BC21A6C1F6200F5420D /* UASuggestionVoteView.xib */,
				129F4BC41A6C3CEC00F5420D /* UASuggestionVoteWithImageView.swift */,
				129F4BC61A6C3D0800F5420D /* UASuggestionVoteWithImageView.xib */,
			);
			name = Views;
			sourceTree = "<group>";
		};
		D511714F19E030D2007675EE /* Library */ = {
			isa = PBXGroup;
			children = (
				12620B5C1A6182A800C54124 /* FloatRatingView.swift */,
				D5D9E65719E158AE00537FBD /* Keychain */,
				D5C506801A2D0BBB00834A2F /* UIImage+Tint.swift */,
				129CD1351A6140D400434D67 /* UALabel.swift */,
				12D11BF71AD469F000CC19EF /* UIViewExtensions.swift */,
				1216E5C81B1B4182004D8F22 /* StringExtensions.swift */,
				1216E5CA1B1B444B004D8F22 /* NSDateExtensions.swift */,
			);
			path = Library;
			sourceTree = "<group>";
		};
		D5291668197C27700038A048 /* ViewControllers */ = {
			isa = PBXGroup;
			children = (
				1216E5C61B1B401E004D8F22 /* UIViewControllerWithMedia.swift */,
				D5812289197C08B600E3573C /* InitViewController.swift */,
				D5291666197C210C0038A048 /* LoginViewController.swift */,
				1216C0D51A85800A0057FF86 /* RegistrationViewController.swift */,
				D584D595197C47E000E1CAB3 /* HomeViewController.swift */,
				D511715419E034F8007675EE /* MenuTableViewController.swift */,
				1294A16E1A0FBB9B00E45596 /* ProjectsViewController.swift */,
				D59780CC1A2B799600CEC181 /* ProjectViewController.swift */,
				124331F81A6703F500B7190A /* UASuggestionViewController.swift */,
				126CBE221A115A9200E22070 /* BookmarksViewController.swift */,
				126CBE2A1A116D2700E22070 /* CreditsViewController.swift */,
				124F8C1D1A1A8F2B000A5812 /* SettingsViewController.swift */,
				124F8C211A1A94E7000A5812 /* ActivityViewController.swift */,
				12B7D4771A6EE75200642D5B /* UACompanyViewController.swift */,
				12A7AB9A1A7E371400D50BE7 /* UAEditorViewController.swift */,
				123986971B20BD3A002EB6D7 /* NewsViewController.swift */,
			);
			name = ViewControllers;
			sourceTree = "<group>";
		};
		D5291669197C2B180038A048 /* Models */ = {
			isa = PBXGroup;
			children = (
				12C33E071ABB5F9F00ED6ADF /* DB */,
				12CD632B1A5DD51400E2EDC4 /* UACellObject.swift */,
				D529166A197C2B5C0038A048 /* UAUser.swift */,
				D52FF94519E3229F006139E2 /* UASuggestion.swift */,
				D5A3ABDB19E5D3D100B71CC7 /* UAMedia.swift */,
				12C528A31A0FD9A100B8A50C /* UAProject.swift */,
				126CBE2C1A11732300E22070 /* UACredit.swift */,
				12A172881A19470F000FAA54 /* UACompany.swift */,
				D59780D61A2B94CE00CEC181 /* UAPhase.swift */,
				12DF1F111A5C2ABF007CA3B5 /* UANews.swift */,
				1270B5871A6B16D400D041B9 /* UAComment.swift */,
			);
			name = Models;
			sourceTree = "<group>";
		};
		D52FF94019E3218C006139E2 /* ViewModels */ = {
			isa = PBXGroup;
			children = (
				D52FF94319E321F8006139E2 /* UASuggestionViewModel.swift */,
				D5FE701D19E6F22F00582B84 /* UACellViewModel.swift */,
				12C528A11A0FD74000B8A50C /* UAProjectViewModel.swift */,
				12A1729F1A19491A000FAA54 /* UACreditViewModel.swift */,
				12DF1F0C1A5C2A19007CA3B5 /* UANewsViewModel.swift */,
				1270B5821A6B166100D041B9 /* UACommentViewModel.swift */,
				12CE5E651B47158B00EC9344 /* TimelineViewModel.swift */,
			);
			name = ViewModels;
			sourceTree = "<group>";
		};
		D555CCA519E1CEC200AB0F5F /* Views */ = {
			isa = PBXGroup;
			children = (
				12D74B8B1A685921006CE23D /* Views */,
				D59780D11A2B914000CEC181 /* CollectionCells */,
				D555CCA919E1CEE100AB0F5F /* CellsWithImages */,
				D555CCA819E1CED300AB0F5F /* Cells */,
			);
			name = Views;
			sourceTree = "<group>";
		};
		D555CCA819E1CED300AB0F5F /* Cells */ = {
			isa = PBXGroup;
			children = (
				12CD63291A5DD37A00E2EDC4 /* UACell.swift */,
				12608E481B1E5140007BBEAE /* UACellSuggest.swift */,
				D5FE702319E6FA6300582B84 /* UASuggestionCell.swift */,
				D5FE702119E6F33600582B84 /* UASuggestCell.xib */,
				12FCF4791A11534C008B74AA /* UAProjectCell.swift */,
				12FCF47D1A11536A008B74AA /* UAProjectCell.xib */,
				126CBE261A1160E500E22070 /* UABookmarkCell.swift */,
				126CBE281A1160FF00E22070 /* UABookmarkCell.xib */,
				129E9A8A1A19518F00EBF8BF /* UACreditCell.swift */,
				129E9A8E1A19519D00EBF8BF /* UACreditCell.xib */,
				12CD63221A5DBE3900E2EDC4 /* UANewsCell.swift */,
				12CD63271A5DBF7700E2EDC4 /* UANewsCell.xib */,
				12CD632D1A5DDE7200E2EDC4 /* UAProjectNewsCell.swift */,
				12CD632F1A5DDEA000E2EDC4 /* UAProjectNewsCell.xib */,
				129CD12E1A613E0F00434D67 /* UASuggestionVoteCell.swift */,
				129CD1331A613E1E00434D67 /* UASuggestionVoteCell.xib */,
				127665711A6B9D9600E87A0E /* UACommentCell.swift */,
				127665731A6B9E1700E87A0E /* UACommentCell.xib */,
				12A328A61A98C92100E25D3A /* Settings */,
			);
			name = Cells;
			sourceTree = "<group>";
		};
		D555CCA919E1CEE100AB0F5F /* CellsWithImages */ = {
			isa = PBXGroup;
			children = (
				12AE1BD11A20880200BFE3D2 /* UASuggestImageCell.swift */,
				12AE1BD31A20881400BFE3D2 /* UASuggestImageCell.xib */,
				1241E3DC1A646E240068678D /* UASuggestionVoteImageCell.swift */,
				1241E3E11A646E460068678D /* UASuggestionVoteImageCell.xib */,
				120803781A6BAEB100CD19E8 /* UACommentWithImageCell.swift */,
				1208037D1A6BAECE00CD19E8 /* UACommentWithImageCell.xib */,
			);
			name = CellsWithImages;
			sourceTree = "<group>";
		};
		D5812279197C08B600E3573C = {
			isa = PBXGroup;
			children = (
				D5812284197C08B600E3573C /* UnserAller */,
				D5812297197C08B600E3573C /* UnserAllerTests */,
				D5812283197C08B600E3573C /* Products */,
				EA69EAB27E124453A0FB0AC3 /* Frameworks */,
				E446827AA1424F9727FAA564 /* Pods */,
			);
			sourceTree = "<group>";
		};
		D5812283197C08B600E3573C /* Products */ = {
			isa = PBXGroup;
			children = (
				D5812282197C08B600E3573C /* UnserAller.app */,
				D5812294197C08B600E3573C /* UnserAllerTests.xctest */,
			);
			name = Products;
			sourceTree = "<group>";
		};
		D5812284197C08B600E3573C /* UnserAller */ = {
			isa = PBXGroup;
			children = (
				12A7ABA01A7E3BEA00D50BE7 /* Delegates */,
				D52FF94019E3218C006139E2 /* ViewModels */,
				D555CCA519E1CEC200AB0F5F /* Views */,
				D511714F19E030D2007675EE /* Library */,
				D5291669197C2B180038A048 /* Models */,
				D5291668197C27700038A048 /* ViewControllers */,
				D5812287197C08B600E3573C /* AppDelegate.swift */,
				12D8BB161ABA0F5F00E3DC0D /* UnserAller.xcdatamodeld */,
				D581228B197C08B600E3573C /* Main.storyboard */,
				D581228E197C08B600E3573C /* Images.xcassets */,
				D56C462319E04DFC0059735A /* Media.xcassets */,
				D5812285197C08B600E3573C /* Supporting Files */,
				D5A6A5C1197C0C1C0024903D /* UnserAller-Bridging-Header.h */,
			);
			path = UnserAller;
			sourceTree = "<group>";
		};
		D5812285197C08B600E3573C /* Supporting Files */ = {
			isa = PBXGroup;
			children = (
				D5812286197C08B600E3573C /* Info.plist */,
			);
			name = "Supporting Files";
			sourceTree = "<group>";
		};
		D5812297197C08B600E3573C /* UnserAllerTests */ = {
			isa = PBXGroup;
			children = (
				D581229A197C08B600E3573C /* UnserAllerTests.swift */,
				1229AAC41A0EDD5A002887E6 /* UserTests.swift */,
				12EA195C1A1939C000259B68 /* UACreditTests.swift */,
				D5812298197C08B600E3573C /* Supporting Files */,
			);
			path = UnserAllerTests;
			sourceTree = "<group>";
		};
		D5812298197C08B600E3573C /* Supporting Files */ = {
			isa = PBXGroup;
			children = (
				D5812299197C08B600E3573C /* Info.plist */,
			);
			name = "Supporting Files";
			sourceTree = "<group>";
		};
		D59780D11A2B914000CEC181 /* CollectionCells */ = {
			isa = PBXGroup;
			children = (
				D59780D21A2B917F00CEC181 /* UAPhaseCell.swift */,
				D59780D41A2B919300CEC181 /* UAPhaseCell.xib */,
				12AE1BD51A209FBE00BFE3D2 /* UACollectionViewCell.swift */,
				12AE1BD71A209FD600BFE3D2 /* UACollectionViewCell.xib */,
			);
			name = CollectionCells;
			sourceTree = "<group>";
		};
		D5D9E65719E158AE00537FBD /* Keychain */ = {
			isa = PBXGroup;
			children = (
				D5D9E65B19E15A2500537FBD /* Keychain.swift */,
			);
			name = Keychain;
			sourceTree = "<group>";
		};
		E446827AA1424F9727FAA564 /* Pods */ = {
			isa = PBXGroup;
			children = (
				3E90463A3D0C4D70295DD36B /* Pods-UnserAller.debug.xcconfig */,
				620383539B4A09B42CE2F492 /* Pods-UnserAller.release.xcconfig */,
				FE6DB202492C1C28FAFCBD78 /* Pods-UnserAllerTests.debug.xcconfig */,
				27E6671B6F84DE2C3BD2E972 /* Pods-UnserAllerTests.release.xcconfig */,
			);
			name = Pods;
			sourceTree = "<group>";
		};
		EA69EAB27E124453A0FB0AC3 /* Frameworks */ = {
			isa = PBXGroup;
			children = (
				4C16CA92047E1808F935078E /* Pods_UnserAller.framework */,
				B457EDF9060C328466BDFAD3 /* Pods_UnserAllerTests.framework */,
			);
			name = Frameworks;
			sourceTree = "<group>";
		};
/* End PBXGroup section */

/* Begin PBXNativeTarget section */
		D5812281197C08B600E3573C /* UnserAller */ = {
			isa = PBXNativeTarget;
			buildConfigurationList = D581229E197C08B600E3573C /* Build configuration list for PBXNativeTarget "UnserAller" */;
			buildPhases = (
				D0C268D6EC3A4982BBEA5F1B /* Check Pods Manifest.lock */,
				D581227E197C08B600E3573C /* Sources */,
				D581227F197C08B600E3573C /* Frameworks */,
				D5812280197C08B600E3573C /* Resources */,
				C8B95B34AE36406C9A8AE977 /* Copy Pods Resources */,
				D511716B19E03DCD007675EE /* Copy Frameworks */,
				0D0478263E7286A16D3CAC20 /* Embed Pods Frameworks */,
			);
			buildRules = (
			);
			dependencies = (
			);
			name = UnserAller;
			productName = UnserAller;
			productReference = D5812282197C08B600E3573C /* UnserAller.app */;
			productType = "com.apple.product-type.application";
		};
		D5812293197C08B600E3573C /* UnserAllerTests */ = {
			isa = PBXNativeTarget;
			buildConfigurationList = D58122A1197C08B600E3573C /* Build configuration list for PBXNativeTarget "UnserAllerTests" */;
			buildPhases = (
				5D05DAF43A8882AC02CAC544 /* Check Pods Manifest.lock */,
				D5812290197C08B600E3573C /* Sources */,
				D5812291197C08B600E3573C /* Frameworks */,
				D5812292197C08B600E3573C /* Resources */,
				DCD076945BEF10EDE77819F7 /* Embed Pods Frameworks */,
				0C53175952B59483CE25C882 /* Copy Pods Resources */,
			);
			buildRules = (
			);
			dependencies = (
				D5812296197C08B600E3573C /* PBXTargetDependency */,
			);
			name = UnserAllerTests;
			productName = UnserAllerTests;
			productReference = D5812294197C08B600E3573C /* UnserAllerTests.xctest */;
			productType = "com.apple.product-type.bundle.unit-test";
		};
/* End PBXNativeTarget section */

/* Begin PBXProject section */
		D581227A197C08B600E3573C /* Project object */ = {
			isa = PBXProject;
			attributes = {
				LastUpgradeCheck = 0600;
				ORGANIZATIONNAME = "Vadym Yatsyuk";
				TargetAttributes = {
					D5812281197C08B600E3573C = {
						CreatedOnToolsVersion = 6.0;
						DevelopmentTeam = 8YFCERCRUC;
					};
					D5812293197C08B600E3573C = {
						CreatedOnToolsVersion = 6.0;
						TestTargetID = D5812281197C08B600E3573C;
					};
				};
			};
			buildConfigurationList = D581227D197C08B600E3573C /* Build configuration list for PBXProject "UnserAller" */;
			compatibilityVersion = "Xcode 3.2";
			developmentRegion = English;
			hasScannedForEncodings = 0;
			knownRegions = (
				en,
				Base,
			);
			mainGroup = D5812279197C08B600E3573C;
			productRefGroup = D5812283197C08B600E3573C /* Products */;
			projectDirPath = "";
			projectRoot = "";
			targets = (
				D5812281197C08B600E3573C /* UnserAller */,
				D5812293197C08B600E3573C /* UnserAllerTests */,
			);
		};
/* End PBXProject section */

/* Begin PBXResourcesBuildPhase section */
		D5812280197C08B600E3573C /* Resources */ = {
			isa = PBXResourcesBuildPhase;
			buildActionMask = 2147483647;
			files = (
				12AE1BD81A209FD600BFE3D2 /* UACollectionViewCell.xib in Resources */,
				D581228D197C08B600E3573C /* Main.storyboard in Resources */,
				D5EFD62A1AE598830018CE33 /* AddressTableViewCell.xib in Resources */,
				D56C462419E04DFC0059735A /* Media.xcassets in Resources */,
				D59780D51A2B919300CEC181 /* UAPhaseCell.xib in Resources */,
				12AE1BD41A20881400BFE3D2 /* UASuggestImageCell.xib in Resources */,
				12D74B921A6859FA006CE23D /* UASuggestionView.xib in Resources */,
				12CD63301A5DDEA000E2EDC4 /* UAProjectNewsCell.xib in Resources */,
				12A328AE1A98CE1900E25D3A /* PasswordTableViewCell.xib in Resources */,
				D5FE702219E6F33600582B84 /* UASuggestCell.xib in Resources */,
				12A328B21A98CE6B00E25D3A /* NotificationsTableViewCell.xib in Resources */,
				12A328AA1A98C96800E25D3A /* InformationTableViewCell.xib in Resources */,
				1208037E1A6BAECE00CD19E8 /* UACommentWithImageCell.xib in Resources */,
				129E9A8F1A19519D00EBF8BF /* UACreditCell.xib in Resources */,
				D56C462219E04DDE0059735A /* Images.xcassets in Resources */,
				12FCF47E1A11536A008B74AA /* UAProjectCell.xib in Resources */,
				120803821A6BBA3900CD19E8 /* UASuggestionWithImageView.xib in Resources */,
				126CBE291A1160FF00E22070 /* UABookmarkCell.xib in Resources */,
				1241E3E21A646E460068678D /* UASuggestionVoteImageCell.xib in Resources */,
				12CD63281A5DBF7700E2EDC4 /* UANewsCell.xib in Resources */,
				129F4BC31A6C1F6200F5420D /* UASuggestionVoteView.xib in Resources */,
				129CD1341A613E1E00434D67 /* UASuggestionVoteCell.xib in Resources */,
				129F4BC71A6C3D0800F5420D /* UASuggestionVoteWithImageView.xib in Resources */,
				127665741A6B9E1700E87A0E /* UACommentCell.xib in Resources */,
			);
			runOnlyForDeploymentPostprocessing = 0;
		};
		D5812292197C08B600E3573C /* Resources */ = {
			isa = PBXResourcesBuildPhase;
			buildActionMask = 2147483647;
			files = (
			);
			runOnlyForDeploymentPostprocessing = 0;
		};
/* End PBXResourcesBuildPhase section */

/* Begin PBXShellScriptBuildPhase section */
		0C53175952B59483CE25C882 /* Copy Pods Resources */ = {
			isa = PBXShellScriptBuildPhase;
			buildActionMask = 2147483647;
			files = (
			);
			inputPaths = (
			);
			name = "Copy Pods Resources";
			outputPaths = (
			);
			runOnlyForDeploymentPostprocessing = 0;
			shellPath = /bin/sh;
			shellScript = "\"${SRCROOT}/Pods/Target Support Files/Pods-UnserAllerTests/Pods-UnserAllerTests-resources.sh\"\n";
			showEnvVarsInLog = 0;
		};
		0D0478263E7286A16D3CAC20 /* Embed Pods Frameworks */ = {
			isa = PBXShellScriptBuildPhase;
			buildActionMask = 2147483647;
			files = (
			);
			inputPaths = (
			);
			name = "Embed Pods Frameworks";
			outputPaths = (
			);
			runOnlyForDeploymentPostprocessing = 0;
			shellPath = /bin/sh;
			shellScript = "\"${SRCROOT}/Pods/Target Support Files/Pods-UnserAller/Pods-UnserAller-frameworks.sh\"\n";
			showEnvVarsInLog = 0;
		};
		5D05DAF43A8882AC02CAC544 /* Check Pods Manifest.lock */ = {
			isa = PBXShellScriptBuildPhase;
			buildActionMask = 2147483647;
			files = (
			);
			inputPaths = (
			);
			name = "Check Pods Manifest.lock";
			outputPaths = (
			);
			runOnlyForDeploymentPostprocessing = 0;
			shellPath = /bin/sh;
			shellScript = "diff \"${PODS_ROOT}/../Podfile.lock\" \"${PODS_ROOT}/Manifest.lock\" > /dev/null\nif [[ $? != 0 ]] ; then\n    cat << EOM\nerror: The sandbox is not in sync with the Podfile.lock. Run 'pod install' or update your CocoaPods installation.\nEOM\n    exit 1\nfi\n";
			showEnvVarsInLog = 0;
		};
		C8B95B34AE36406C9A8AE977 /* Copy Pods Resources */ = {
			isa = PBXShellScriptBuildPhase;
			buildActionMask = 2147483647;
			files = (
			);
			inputPaths = (
			);
			name = "Copy Pods Resources";
			outputPaths = (
			);
			runOnlyForDeploymentPostprocessing = 0;
			shellPath = /bin/sh;
			shellScript = "\"${SRCROOT}/Pods/Target Support Files/Pods-UnserAller/Pods-UnserAller-resources.sh\"\n";
			showEnvVarsInLog = 0;
		};
		D0C268D6EC3A4982BBEA5F1B /* Check Pods Manifest.lock */ = {
			isa = PBXShellScriptBuildPhase;
			buildActionMask = 2147483647;
			files = (
			);
			inputPaths = (
			);
			name = "Check Pods Manifest.lock";
			outputPaths = (
			);
			runOnlyForDeploymentPostprocessing = 0;
			shellPath = /bin/sh;
			shellScript = "diff \"${PODS_ROOT}/../Podfile.lock\" \"${PODS_ROOT}/Manifest.lock\" > /dev/null\nif [[ $? != 0 ]] ; then\n    cat << EOM\nerror: The sandbox is not in sync with the Podfile.lock. Run 'pod install' or update your CocoaPods installation.\nEOM\n    exit 1\nfi\n";
			showEnvVarsInLog = 0;
		};
		DCD076945BEF10EDE77819F7 /* Embed Pods Frameworks */ = {
			isa = PBXShellScriptBuildPhase;
			buildActionMask = 2147483647;
			files = (
			);
			inputPaths = (
			);
			name = "Embed Pods Frameworks";
			outputPaths = (
			);
			runOnlyForDeploymentPostprocessing = 0;
			shellPath = /bin/sh;
			shellScript = "\"${SRCROOT}/Pods/Target Support Files/Pods-UnserAllerTests/Pods-UnserAllerTests-frameworks.sh\"\n";
			showEnvVarsInLog = 0;
		};
/* End PBXShellScriptBuildPhase section */

/* Begin PBXSourcesBuildPhase section */
		D581227E197C08B600E3573C /* Sources */ = {
			isa = PBXSourcesBuildPhase;
			buildActionMask = 2147483647;
			files = (
				120803801A6BBA0E00CD19E8 /* UASuggestionWithImageView.swift in Sources */,
				12D74B901A685951006CE23D /* UASuggestionView.swift in Sources */,
				129837E81A69BB3E00087E5F /* UASuggestionHeaderView.swift in Sources */,
				12A328B01A98CE5000E25D3A /* NotificationsTableViewCell.swift in Sources */,
				12A328A81A98C95100E25D3A /* InformationTableViewCell.swift in Sources */,
				124F8C1E1A1A8F2B000A5812 /* SettingsViewController.swift in Sources */,
				1294A16F1A0FBB9B00E45596 /* ProjectsViewController.swift in Sources */,
				D5FE701E19E6F22F00582B84 /* UACellViewModel.swift in Sources */,
				D59780D71A2B94CE00CEC181 /* UAPhase.swift in Sources */,
				124331F91A6703F500B7190A /* UASuggestionViewController.swift in Sources */,
				127665721A6B9D9600E87A0E /* UACommentCell.swift in Sources */,
				12D8BB181ABA0F5F00E3DC0D /* UnserAller.xcdatamodeld in Sources */,
				12AE1BD21A20880200BFE3D2 /* UASuggestImageCell.swift in Sources */,
				126CBE231A115A9200E22070 /* BookmarksViewController.swift in Sources */,
				12A328AC1A98CE0600E25D3A /* PasswordTableViewCell.swift in Sources */,
				12CD63231A5DBE3900E2EDC4 /* UANewsCell.swift in Sources */,
				12C528A21A0FD74000B8A50C /* UAProjectViewModel.swift in Sources */,
				12CD632A1A5DD37A00E2EDC4 /* UACell.swift in Sources */,
				129F4BBE1A6C1F3E00F5420D /* UASuggestionVoteView.swift in Sources */,
				129F4BC51A6C3CEC00F5420D /* UASuggestionVoteWithImageView.swift in Sources */,
				12620B5D1A6182A800C54124 /* FloatRatingView.swift in Sources */,
				12A172A01A19491A000FAA54 /* UACreditViewModel.swift in Sources */,
				12DF1F121A5C2ABF007CA3B5 /* UANews.swift in Sources */,
				12C528A41A0FD9A100B8A50C /* UAProject.swift in Sources */,
				1241E3DD1A646E240068678D /* UASuggestionVoteImageCell.swift in Sources */,
				D529166B197C2B5C0038A048 /* UAUser.swift in Sources */,
				12D11BF81AD469F000CC19EF /* UIViewExtensions.swift in Sources */,
				D584D596197C47E000E1CAB3 /* HomeViewController.swift in Sources */,
				12FCF47A1A11534C008B74AA /* UAProjectCell.swift in Sources */,
				D511715519E034F8007675EE /* MenuTableViewController.swift in Sources */,
				126CBE2B1A116D2700E22070 /* CreditsViewController.swift in Sources */,
				D5291667197C210C0038A048 /* LoginViewController.swift in Sources */,
				12CD632C1A5DD51400E2EDC4 /* UACellObject.swift in Sources */,
				1216E5CB1B1B444B004D8F22 /* NSDateExtensions.swift in Sources */,
				126CBE2D1A11732300E22070 /* UACredit.swift in Sources */,
				12DF1F0D1A5C2A19007CA3B5 /* UANewsViewModel.swift in Sources */,
				D5C506811A2D0BBB00834A2F /* UIImage+Tint.swift in Sources */,
				12C33E1D1ABB68EE00ED6ADF /* User.swift in Sources */,
				124F8C221A1A94E7000A5812 /* ActivityViewController.swift in Sources */,
				129CD12F1A613E0F00434D67 /* UASuggestionVoteCell.swift in Sources */,
				1216E5C91B1B4182004D8F22 /* StringExtensions.swift in Sources */,
				12CE5E661B47158B00EC9344 /* TimelineViewModel.swift in Sources */,
				D5A3ABDC19E5D3D100B71CC7 /* UAMedia.swift in Sources */,
				1216C0D61A85800A0057FF86 /* RegistrationViewController.swift in Sources */,
				D581228A197C08B600E3573C /* InitViewController.swift in Sources */,
				12A7ABA21A7E3C2F00D50BE7 /* UAEditorDelegate.swift in Sources */,
				12AE1BD61A209FBE00BFE3D2 /* UACollectionViewCell.swift in Sources */,
				12B7D4781A6EE75200642D5B /* UACompanyViewController.swift in Sources */,
				12608E491B1E5140007BBEAE /* UACellSuggest.swift in Sources */,
				129CD1361A6140D400434D67 /* UALabel.swift in Sources */,
				D52FF94619E3229F006139E2 /* UASuggestion.swift in Sources */,
				D5FE702419E6FA6300582B84 /* UASuggestionCell.swift in Sources */,
				D52FF94419E321F8006139E2 /* UASuggestionViewModel.swift in Sources */,
				12A7AB9B1A7E371400D50BE7 /* UAEditorViewController.swift in Sources */,
				D5EFD6271AE5986B0018CE33 /* AddressTableViewCell.swift in Sources */,
				D5812288197C08B600E3573C /* AppDelegate.swift in Sources */,
				1270B5831A6B166100D041B9 /* UACommentViewModel.swift in Sources */,
				D59780CD1A2B799600CEC181 /* ProjectViewController.swift in Sources */,
				1270B5881A6B16D400D041B9 /* UAComment.swift in Sources */,
				126CBE271A1160E500E22070 /* UABookmarkCell.swift in Sources */,
				D5D9E65C19E15A2500537FBD /* Keychain.swift in Sources */,
				12CD632E1A5DDE7200E2EDC4 /* UAProjectNewsCell.swift in Sources */,
				D59780D31A2B917F00CEC181 /* UAPhaseCell.swift in Sources */,
				129E9A8B1A19518F00EBF8BF /* UACreditCell.swift in Sources */,
				12A172891A19470F000FAA54 /* UACompany.swift in Sources */,
				1216E5C71B1B401E004D8F22 /* UIViewControllerWithMedia.swift in Sources */,
				123986981B20BD3A002EB6D7 /* NewsViewController.swift in Sources */,
				120803791A6BAEB100CD19E8 /* UACommentWithImageCell.swift in Sources */,
			);
			runOnlyForDeploymentPostprocessing = 0;
		};
		D5812290197C08B600E3573C /* Sources */ = {
			isa = PBXSourcesBuildPhase;
			buildActionMask = 2147483647;
			files = (
				125E39DC1A1146EB00DD5542 /* AppDelegate.swift in Sources */,
				12A172851A1944DA000FAA54 /* UAProject.swift in Sources */,
				12EA195D1A1939C000259B68 /* UACreditTests.swift in Sources */,
				12EA19601A193A7400259B68 /* UACredit.swift in Sources */,
				1229AAC51A0EDD5A002887E6 /* UserTests.swift in Sources */,
				D5974E6D1A102A2A00BE93EE /* UAUser.swift in Sources */,
				D581229B197C08B600E3573C /* UnserAllerTests.swift in Sources */,
				12A1728A1A194739000FAA54 /* UACompany.swift in Sources */,
				12C33E1E1ABB693200ED6ADF /* User.swift in Sources */,
			);
			runOnlyForDeploymentPostprocessing = 0;
		};
/* End PBXSourcesBuildPhase section */

/* Begin PBXTargetDependency section */
		D5812296197C08B600E3573C /* PBXTargetDependency */ = {
			isa = PBXTargetDependency;
			target = D5812281197C08B600E3573C /* UnserAller */;
			targetProxy = D5812295197C08B600E3573C /* PBXContainerItemProxy */;
		};
/* End PBXTargetDependency section */

/* Begin PBXVariantGroup section */
		D581228B197C08B600E3573C /* Main.storyboard */ = {
			isa = PBXVariantGroup;
			children = (
				D581228C197C08B600E3573C /* Base */,
			);
			name = Main.storyboard;
			sourceTree = "<group>";
		};
/* End PBXVariantGroup section */

/* Begin XCBuildConfiguration section */
		D581229C197C08B600E3573C /* Debug */ = {
			isa = XCBuildConfiguration;
			buildSettings = {
				ALWAYS_SEARCH_USER_PATHS = NO;
				CLANG_CXX_LANGUAGE_STANDARD = "gnu++0x";
				CLANG_CXX_LIBRARY = "libc++";
				CLANG_ENABLE_MODULES = YES;
				CLANG_ENABLE_OBJC_ARC = YES;
				CLANG_WARN_BOOL_CONVERSION = YES;
				CLANG_WARN_CONSTANT_CONVERSION = YES;
				CLANG_WARN_DIRECT_OBJC_ISA_USAGE = YES_ERROR;
				CLANG_WARN_EMPTY_BODY = YES;
				CLANG_WARN_ENUM_CONVERSION = YES;
				CLANG_WARN_INT_CONVERSION = YES;
				CLANG_WARN_OBJC_ROOT_CLASS = YES_ERROR;
				CLANG_WARN_UNREACHABLE_CODE = YES;
				CLANG_WARN__DUPLICATE_METHOD_MATCH = YES;
				"CODE_SIGN_IDENTITY[sdk=iphoneos*]" = "iPhone Developer";
				COPY_PHASE_STRIP = NO;
				ENABLE_STRICT_OBJC_MSGSEND = YES;
				GCC_C_LANGUAGE_STANDARD = gnu99;
				GCC_DYNAMIC_NO_PIC = NO;
				GCC_OPTIMIZATION_LEVEL = 0;
				GCC_PREPROCESSOR_DEFINITIONS = (
					"DEBUG=1",
					"$(inherited)",
				);
				GCC_SYMBOLS_PRIVATE_EXTERN = NO;
				GCC_WARN_64_TO_32_BIT_CONVERSION = YES;
				GCC_WARN_ABOUT_RETURN_TYPE = YES_ERROR;
				GCC_WARN_UNDECLARED_SELECTOR = YES;
				GCC_WARN_UNINITIALIZED_AUTOS = YES_AGGRESSIVE;
				GCC_WARN_UNUSED_FUNCTION = YES;
				GCC_WARN_UNUSED_VARIABLE = YES;
				IPHONEOS_DEPLOYMENT_TARGET = 8.0;
				MTL_ENABLE_DEBUG_INFO = YES;
				ONLY_ACTIVE_ARCH = YES;
				SDKROOT = iphoneos;
				SWIFT_OPTIMIZATION_LEVEL = "-Onone";
			};
			name = Debug;
		};
		D581229D197C08B600E3573C /* Release */ = {
			isa = XCBuildConfiguration;
			buildSettings = {
				ALWAYS_SEARCH_USER_PATHS = NO;
				CLANG_CXX_LANGUAGE_STANDARD = "gnu++0x";
				CLANG_CXX_LIBRARY = "libc++";
				CLANG_ENABLE_MODULES = YES;
				CLANG_ENABLE_OBJC_ARC = YES;
				CLANG_WARN_BOOL_CONVERSION = YES;
				CLANG_WARN_CONSTANT_CONVERSION = YES;
				CLANG_WARN_DIRECT_OBJC_ISA_USAGE = YES_ERROR;
				CLANG_WARN_EMPTY_BODY = YES;
				CLANG_WARN_ENUM_CONVERSION = YES;
				CLANG_WARN_INT_CONVERSION = YES;
				CLANG_WARN_OBJC_ROOT_CLASS = YES_ERROR;
				CLANG_WARN_UNREACHABLE_CODE = YES;
				CLANG_WARN__DUPLICATE_METHOD_MATCH = YES;
				"CODE_SIGN_IDENTITY[sdk=iphoneos*]" = "iPhone Developer";
				COPY_PHASE_STRIP = YES;
				ENABLE_NS_ASSERTIONS = NO;
				ENABLE_STRICT_OBJC_MSGSEND = YES;
				GCC_C_LANGUAGE_STANDARD = gnu99;
				GCC_WARN_64_TO_32_BIT_CONVERSION = YES;
				GCC_WARN_ABOUT_RETURN_TYPE = YES_ERROR;
				GCC_WARN_UNDECLARED_SELECTOR = YES;
				GCC_WARN_UNINITIALIZED_AUTOS = YES_AGGRESSIVE;
				GCC_WARN_UNUSED_FUNCTION = YES;
				GCC_WARN_UNUSED_VARIABLE = YES;
				IPHONEOS_DEPLOYMENT_TARGET = 8.0;
				MTL_ENABLE_DEBUG_INFO = NO;
				SDKROOT = iphoneos;
				VALIDATE_PRODUCT = YES;
			};
			name = Release;
		};
		D581229F197C08B600E3573C /* Debug */ = {
			isa = XCBuildConfiguration;
			baseConfigurationReference = 3E90463A3D0C4D70295DD36B /* Pods-UnserAller.debug.xcconfig */;
			buildSettings = {
				ASSETCATALOG_COMPILER_APPICON_NAME = AppIcon;
				ASSETCATALOG_COMPILER_LAUNCHIMAGE_NAME = LaunchImage;
				CLANG_ENABLE_MODULES = YES;
				CODE_SIGN_IDENTITY = "iPhone Developer";
				EMBEDDED_CONTENT_CONTAINS_SWIFT = YES;
				INFOPLIST_FILE = UnserAller/Info.plist;
				IPHONEOS_DEPLOYMENT_TARGET = 8.0;
				LD_RUNPATH_SEARCH_PATHS = "$(inherited) @executable_path/Frameworks";
				PRODUCT_NAME = "$(TARGET_NAME)";
				SWIFT_OBJC_BRIDGING_HEADER = "UnserAller/UnserAller-Bridging-Header.h";
				SWIFT_OPTIMIZATION_LEVEL = "-Onone";
				TARGETED_DEVICE_FAMILY = "1,2";
				USER_HEADER_SEARCH_PATHS = "Pods/**";
			};
			name = Debug;
		};
		D58122A0197C08B600E3573C /* Release */ = {
			isa = XCBuildConfiguration;
			baseConfigurationReference = 620383539B4A09B42CE2F492 /* Pods-UnserAller.release.xcconfig */;
			buildSettings = {
				ASSETCATALOG_COMPILER_APPICON_NAME = AppIcon;
				ASSETCATALOG_COMPILER_LAUNCHIMAGE_NAME = LaunchImage;
				CLANG_ENABLE_MODULES = YES;
				CODE_SIGN_IDENTITY = "iPhone Developer";
				EMBEDDED_CONTENT_CONTAINS_SWIFT = YES;
				INFOPLIST_FILE = UnserAller/Info.plist;
				IPHONEOS_DEPLOYMENT_TARGET = 8.0;
				LD_RUNPATH_SEARCH_PATHS = "$(inherited) @executable_path/Frameworks";
				PRODUCT_NAME = "$(TARGET_NAME)";
				SWIFT_OBJC_BRIDGING_HEADER = "UnserAller/UnserAller-Bridging-Header.h";
				TARGETED_DEVICE_FAMILY = "1,2";
				USER_HEADER_SEARCH_PATHS = "Pods/**";
			};
			name = Release;
		};
		D58122A2197C08B600E3573C /* Debug */ = {
			isa = XCBuildConfiguration;
			baseConfigurationReference = FE6DB202492C1C28FAFCBD78 /* Pods-UnserAllerTests.debug.xcconfig */;
			buildSettings = {
				BUNDLE_LOADER = "$(BUILT_PRODUCTS_DIR)/UnserAller.app/UnserAller";
				FRAMEWORK_SEARCH_PATHS = (
					"$(SDKROOT)/Developer/Library/Frameworks",
					"$(inherited)",
				);
				GCC_PREPROCESSOR_DEFINITIONS = (
					"DEBUG=1",
					"$(inherited)",
				);
				INFOPLIST_FILE = UnserAllerTests/Info.plist;
				IPHONEOS_DEPLOYMENT_TARGET = 8.0;
				LD_RUNPATH_SEARCH_PATHS = "$(inherited) @executable_path/Frameworks @loader_path/Frameworks";
				PRODUCT_NAME = "$(TARGET_NAME)";
				TEST_HOST = "$(BUNDLE_LOADER)";
			};
			name = Debug;
		};
		D58122A3197C08B600E3573C /* Release */ = {
			isa = XCBuildConfiguration;
			baseConfigurationReference = 27E6671B6F84DE2C3BD2E972 /* Pods-UnserAllerTests.release.xcconfig */;
			buildSettings = {
				BUNDLE_LOADER = "$(BUILT_PRODUCTS_DIR)/UnserAller.app/UnserAller";
				FRAMEWORK_SEARCH_PATHS = (
					"$(SDKROOT)/Developer/Library/Frameworks",
					"$(inherited)",
				);
				INFOPLIST_FILE = UnserAllerTests/Info.plist;
				IPHONEOS_DEPLOYMENT_TARGET = 8.0;
				LD_RUNPATH_SEARCH_PATHS = "$(inherited) @executable_path/Frameworks @loader_path/Frameworks";
				PRODUCT_NAME = "$(TARGET_NAME)";
				TEST_HOST = "$(BUNDLE_LOADER)";
			};
			name = Release;
		};
/* End XCBuildConfiguration section */

/* Begin XCConfigurationList section */
		D581227D197C08B600E3573C /* Build configuration list for PBXProject "UnserAller" */ = {
			isa = XCConfigurationList;
			buildConfigurations = (
				D581229C197C08B600E3573C /* Debug */,
				D581229D197C08B600E3573C /* Release */,
			);
			defaultConfigurationIsVisible = 0;
			defaultConfigurationName = Release;
		};
		D581229E197C08B600E3573C /* Build configuration list for PBXNativeTarget "UnserAller" */ = {
			isa = XCConfigurationList;
			buildConfigurations = (
				D581229F197C08B600E3573C /* Debug */,
				D58122A0197C08B600E3573C /* Release */,
			);
			defaultConfigurationIsVisible = 0;
			defaultConfigurationName = Release;
		};
		D58122A1197C08B600E3573C /* Build configuration list for PBXNativeTarget "UnserAllerTests" */ = {
			isa = XCConfigurationList;
			buildConfigurations = (
				D58122A2197C08B600E3573C /* Debug */,
				D58122A3197C08B600E3573C /* Release */,
			);
			defaultConfigurationIsVisible = 0;
			defaultConfigurationName = Release;
		};
/* End XCConfigurationList section */

/* Begin XCVersionGroup section */
		12D8BB161ABA0F5F00E3DC0D /* UnserAller.xcdatamodeld */ = {
			isa = XCVersionGroup;
			children = (
				12D8BB171ABA0F5F00E3DC0D /* UnserAller.xcdatamodel */,
			);
			currentVersion = 12D8BB171ABA0F5F00E3DC0D /* UnserAller.xcdatamodel */;
			path = UnserAller.xcdatamodeld;
			sourceTree = "<group>";
			versionGroupType = wrapper.xcdatamodel;
		};
/* End XCVersionGroup section */
	};
	rootObject = D581227A197C08B600E3573C /* Project object */;
}
